// !$*UTF8*$!
{
	archiveVersion = 1;
	classes = {
	};
	objectVersion = 46;
	objects = {
/* Begin PBXBuildFile section */
		0207DA581B56EA530066E2B4 /* Images.xcassets in Resources */ = {isa = PBXBuildFile; fileRef = 0207DA571B56EA530066E2B4 /* Images.xcassets */; };
		039F68BDBBE043878DE390FC /* AlipaySDK.framework in Frameworks */ = {isa = PBXBuildFile; fileRef = 1C9227CA9C844CE4BAA4B899 /* AlipaySDK.framework */; };
		070CCD7F46EB453CA7782833 /* CDVVibration.m in Sources */ = {isa = PBXBuildFile; fileRef = 4D74926D039E4679918087B6 /* CDVVibration.m */; };
		08A097F929AB4ED19A536586 /* CDVSound.m in Sources */ = {isa = PBXBuildFile; fileRef = 682901C3AAE64C0CBBAABF26 /* CDVSound.m */; };
		115ABD00FB364850B1964717 /* AudioToolbox.framework in Frameworks */ = {isa = PBXBuildFile; fileRef = D753CEAB459344088C87355F /* AudioToolbox.framework */; settings = {ATTRIBUTES = (Weak, ); }; };
		126DA478C0BE47B5AF8F3066 /* CDVCamera.m in Sources */ = {isa = PBXBuildFile; fileRef = 89AB5084F63142AEA7F7A24B /* CDVCamera.m */; };
		1279E82E84944EB29406A054 /* RSADataVerifier.m in Sources */ = {isa = PBXBuildFile; fileRef = 408EB4A9881C417896C38921 /* RSADataVerifier.m */; };
		136AA93A1F024904B4669B7A /* AddressBook.framework in Frameworks */ = {isa = PBXBuildFile; fileRef = 395C92C8C6A24243B69B5819 /* AddressBook.framework */; settings = {ATTRIBUTES = (Weak, ); }; };
		1621CBD593574D2E80BDA74D /* openssl_wrapper.m in Sources */ = {isa = PBXBuildFile; fileRef = 87FA73CD05C34655A0A08E51 /* openssl_wrapper.m */; };
		17F662F92CE84AB380ECD2AC /* AlipaySDK.bundle in Resources */ = {isa = PBXBuildFile; fileRef = 83EF17EF22CF42BE989D33A2 /* AlipaySDK.bundle */; };
		1A99CA33CFD644C0B42980F8 /* UIImage+CropScaleOrientation.m in Sources */ = {isa = PBXBuildFile; fileRef = 4D1D759525A6487587BCE654 /* UIImage+CropScaleOrientation.m */; };
		1CA0B476A009440D8AFF05CD /* CoreLocation.framework in Frameworks */ = {isa = PBXBuildFile; fileRef = DB3F34A1191E46FAB0A4067C /* CoreLocation.framework */; };
		1D3623260D0F684500981E51 /* AppDelegate.m in Sources */ = {isa = PBXBuildFile; fileRef = 1D3623250D0F684500981E51 /* AppDelegate.m */; };
		1D60589B0D05DD56006BFB54 /* main.m in Sources */ = {isa = PBXBuildFile; fileRef = 29B97316FDCFA39411CA2CEA /* main.m */; };
		1FCF94AAF798426089CCF723 /* CDVConnection.m in Sources */ = {isa = PBXBuildFile; fileRef = 1D27A23212744AEDA391063D /* CDVConnection.m */; };
		21B1E7A21B4948529C3D6E90 /* CDVNotification.m in Sources */ = {isa = PBXBuildFile; fileRef = 01BDB8D0C5334C2580009F31 /* CDVNotification.m */; };
		23040A3779EE471F984A5A28 /* CDVFile.m in Sources */ = {isa = PBXBuildFile; fileRef = 7E1E633847C1496D8FFF09D5 /* CDVFile.m */; };
		25E885CF74E24F0988C756C5 /* CDVContact.m in Sources */ = {isa = PBXBuildFile; fileRef = 8CD2C5E951E64E1794163C4C /* CDVContact.m */; };
		2CE63D5CD5D54924B5E38DEB /* CDVLocalFilesystem.m in Sources */ = {isa = PBXBuildFile; fileRef = 75C998D219034CB0BA555C25 /* CDVLocalFilesystem.m */; };
		2DEAFB3BF3B2419E8EFAD8D7 /* Security.framework in Frameworks */ = {isa = PBXBuildFile; fileRef = D17D9B62513D4671ABD90715 /* Security.framework */; };
		2F3129AF30DB4916B35EE82A /* libssl.a in Frameworks */ = {isa = PBXBuildFile; fileRef = 4B46E75E436849E991201FFD /* libssl.a */; };
		301BF552109A68D80062928A /* libCordova.a in Frameworks */ = {isa = PBXBuildFile; fileRef = 301BF535109A57CC0062928A /* libCordova.a */; };
		302D95F114D2391D003F00A1 /* MainViewController.m in Sources */ = {isa = PBXBuildFile; fileRef = 302D95EF14D2391D003F00A1 /* MainViewController.m */; };
		302D95F214D2391D003F00A1 /* MainViewController.xib in Resources */ = {isa = PBXBuildFile; fileRef = 302D95F014D2391D003F00A1 /* MainViewController.xib */; };
		30F51049F697485F9C2C48DF /* ImageIO.framework in Frameworks */ = {isa = PBXBuildFile; fileRef = 85F2DD150EBE4F9DB7C8A8FB /* ImageIO.framework */; settings = {ATTRIBUTES = (Weak, ); }; };
		33B3EC82EA0D4C0B9CE595D5 /* CDVAccelerometer.m in Sources */ = {isa = PBXBuildFile; fileRef = 650EC59E2E9B48A19342DE30 /* CDVAccelerometer.m */; };
		3D9529EC618E4CEE954A9C5A /* CoreMotion.framework in Frameworks */ = {isa = PBXBuildFile; fileRef = B0AED0E0CE76402BB3B1C267 /* CoreMotion.framework */; };
		412C8C3C0E6F4B998CCAEC96 /* DataVerifier.m in Sources */ = {isa = PBXBuildFile; fileRef = AAEEDEC6F0384A4B9F1E9A2B /* DataVerifier.m */; };
		46600FC5BD734832BE323CBF /* libc++.tbd in Frameworks */ = {isa = PBXBuildFile; fileRef = F7F8FE43B85C443C8C9D87C6 /* libc++.tbd */; };
		51C25B0726114C26BE49F372 /* MD5DataSigner.m in Sources */ = {isa = PBXBuildFile; fileRef = 2FE7C50D593C4FFA857E8026 /* MD5DataSigner.m */; };
		5ECC7306B2EA40F29CB0E18C /* CDVJpegHeaderWriter.m in Sources */ = {isa = PBXBuildFile; fileRef = E83216B6BCE94F1382AAC8DB /* CDVJpegHeaderWriter.m */; };
		66D5D9CD0488449EAA9BAD92 /* libsqlite3.0.tbd in Frameworks */ = {isa = PBXBuildFile; fileRef = 7BCBA1B9DE9A40339EFFE21F /* libsqlite3.0.tbd */; };
		6AFF5BF91D6E424B00AB3073 /* CDVLaunchScreen.storyboard in Resources */ = {isa = PBXBuildFile; fileRef = 6AFF5BF81D6E424B00AB3073 /* CDVLaunchScreen.storyboard */; };
		7303EBD9343245BCB2B1BA22 /* CDVNotification.bundle in Resources */ = {isa = PBXBuildFile; fileRef = 093DCFFA53C3442E9ABFE882 /* CDVNotification.bundle */; };
		7A24FE9C3DBC4C4D831677C5 /* CoreTelephony.framework in Frameworks */ = {isa = PBXBuildFile; fileRef = A13CB47EA2474BD6AE15F617 /* CoreTelephony.framework */; };
		849E5CD4B5D04D5885D1E2C4 /* CDVViewController+SplashScreen.m in Sources */ = {isa = PBXBuildFile; fileRef = DEFBB3E87A5A451DB4AF918A /* CDVViewController+SplashScreen.m */; };
		84F5AFC0496E41DE80C9B8AA /* CDVCompass.m in Sources */ = {isa = PBXBuildFile; fileRef = C169C83A5E6C4BFC9E518FEA /* CDVCompass.m */; };
		8D5385390EC34B4FA9F1C0BB /* AVFoundation.framework in Frameworks */ = {isa = PBXBuildFile; fileRef = 25E1CD7908DC4FF49DF762B1 /* AVFoundation.framework */; };
		8D85C94410C54BEAB2082BED /* CDVStatusBar.m in Sources */ = {isa = PBXBuildFile; fileRef = 16C23AD52E8F4409B277F302 /* CDVStatusBar.m */; };
		90FE16DEF3244656BBB6FB39 /* NSDataEx.m in Sources */ = {isa = PBXBuildFile; fileRef = 69CFA891C837444EB8EC5493 /* NSDataEx.m */; };
		99B2A4990BA848D792C72B97 /* CDVContacts.m in Sources */ = {isa = PBXBuildFile; fileRef = 49AF9E9D865D412092740D8F /* CDVContacts.m */; };
		9CF1078EA27D4B8B987C0BF0 /* CDVAssetLibraryFilesystem.m in Sources */ = {isa = PBXBuildFile; fileRef = B78DA84858534490B6AAA6C0 /* CDVAssetLibraryFilesystem.m */; };
		9F911526D05B49289B5EE716 /* Order.m in Sources */ = {isa = PBXBuildFile; fileRef = 9BAB8F23422A400C80ACBBE0 /* Order.m */; };
		A07C4E235E4540CD8352D56B /* libstdc++.6.0.9.tbd in Frameworks */ = {isa = PBXBuildFile; fileRef = B8771BAFB3A1408A9AE3FEFE /* libstdc++.6.0.9.tbd */; };
		AAB4DF92651A4C5FA98F9371 /* CDVLogger.m in Sources */ = {isa = PBXBuildFile; fileRef = 65352BF460AB436BB3CFDF9F /* CDVLogger.m */; };
		B8A655364DBF4030A7DC32E1 /* libcrypto.a in Frameworks */ = {isa = PBXBuildFile; fileRef = C0E6F77F609941E1B7CDED76 /* libcrypto.a */; };
		BAB8F9A4A8D0410D8BF7DC7F /* RSADataSigner.m in Sources */ = {isa = PBXBuildFile; fileRef = B453EF7BD6F14817BA926432 /* RSADataSigner.m */; };
		C54D609D018F4481812D738C /* libz.1.2.5.tbd in Frameworks */ = {isa = PBXBuildFile; fileRef = 6EB86C120D3249BE92AF7791 /* libz.1.2.5.tbd */; };
		D5734BCE2ACA4D84BD2445CF /* CDVSplashScreen.m in Sources */ = {isa = PBXBuildFile; fileRef = B7753415B804400181F09F45 /* CDVSplashScreen.m */; };
		D9565087027747E782A169B5 /* base64.m in Sources */ = {isa = PBXBuildFile; fileRef = 113CBF61B4A64D55950589BB /* base64.m */; };
		D97B6CDD9D454AB781EEA744 /* CDVBattery.m in Sources */ = {isa = PBXBuildFile; fileRef = 8ED5C6E9506749C8A33DB9BA /* CDVBattery.m */; };
		DA2651511B4B4170A70C5082 /* CDVReachability.m in Sources */ = {isa = PBXBuildFile; fileRef = 493CF2A0A7834DBCA7CBE320 /* CDVReachability.m */; };
		DC108D2048D9474F95984AC1 /* CDVDevice.m in Sources */ = {isa = PBXBuildFile; fileRef = D7FFBA935F3D4DA1BFFA812B /* CDVDevice.m */; };
		DD1D6E5923C84899881CA981 /* libz.tbd in Frameworks */ = {isa = PBXBuildFile; fileRef = 9713A02930ED43DD9BE68E9F /* libz.tbd */; };
		DD86E5EFCFA24BAF92A7060E /* CDVFileTransfer.m in Sources */ = {isa = PBXBuildFile; fileRef = 731B2A6D9FA24C5EB200C4EF /* CDVFileTransfer.m */; };
		DF8742F98BFB4A7E8A62985A /* CDVInAppBrowser.m in Sources */ = {isa = PBXBuildFile; fileRef = 76AC0D599E8D4B3093F8B2C8 /* CDVInAppBrowser.m */; };
		E2C3234637064002ACE427A3 /* CDVGlobalization.m in Sources */ = {isa = PBXBuildFile; fileRef = C0B9179B428E495EA8D3F830 /* CDVGlobalization.m */; };
		E75516323937462684A9D2CA /* SystemConfiguration.framework in Frameworks */ = {isa = PBXBuildFile; fileRef = 90263DD7A92B49D196D21B71 /* SystemConfiguration.framework */; settings = {ATTRIBUTES = (Weak, ); }; };
		E8AC1EB3E11E483EBAF4D6FF /* AddressBookUI.framework in Frameworks */ = {isa = PBXBuildFile; fileRef = DAB7D7415DCF4E9BB3692173 /* AddressBookUI.framework */; settings = {ATTRIBUTES = (Weak, ); }; };
		EBF253550980487885218F35 /* CDVCapture.m in Sources */ = {isa = PBXBuildFile; fileRef = 0CC916704DDE4DE1A48B27B6 /* CDVCapture.m */; };
		EE893E6B663642B8BE03CE7E /* DataSigner.m in Sources */ = {isa = PBXBuildFile; fileRef = 196767573BFC4333B50C75B1 /* DataSigner.m */; };
		F64650E5B4D046DEBCCCE4ED /* CDVAlipay.m in Sources */ = {isa = PBXBuildFile; fileRef = 3E361B215F8C4E2883107E8A /* CDVAlipay.m */; };
		F7F4B807BBD44DF29CCF5B8E /* CDVCapture.bundle in Resources */ = {isa = PBXBuildFile; fileRef = C94C9F68CB9943748A7005CF /* CDVCapture.bundle */; };
		FD15892BCCB640E78F405F89 /* CDVLocation.m in Sources */ = {isa = PBXBuildFile; fileRef = 9C113D92449146DBB81DCD73 /* CDVLocation.m */; };
		BACA941A73974573B0701331 /* CDVWechat.m in Sources */ = {isa = PBXBuildFile; fileRef = 7D6F52C6EC654055B9E0C080 /* CDVWechat.m */; };
		DE1ACBD0906948A784D93731 /* libWeChatSDK.a in Frameworks */ = {isa = PBXBuildFile; fileRef = BB288B2960E74F1EA11AC2E3 /* libWeChatSDK.a */; };
		8D2B5CEA14634BA78C571B10 /* CFNetwork.framework in Frameworks */ = {isa = PBXBuildFile; fileRef = C2C7176DB47042A082F10CCD /* CFNetwork.framework */; };
		FCCC6853B7FF426C8ADBE355 /* libstdc++.6.tbd in Frameworks */ = {isa = PBXBuildFile; fileRef = 7187C9FF312547E58B927E5B /* libstdc++.6.tbd */; };
/* End PBXBuildFile section */

/* Begin PBXContainerItemProxy section */
		301BF534109A57CC0062928A /* PBXContainerItemProxy */ = {
			isa = PBXContainerItemProxy;
			containerPortal = 301BF52D109A57CC0062928A /* CordovaLib.xcodeproj */;
			proxyType = 2;
			remoteGlobalIDString = D2AAC07E0554694100DB518D;
			remoteInfo = CordovaLib;
		};
		301BF550109A68C00062928A /* PBXContainerItemProxy */ = {
			isa = PBXContainerItemProxy;
			containerPortal = 301BF52D109A57CC0062928A /* CordovaLib.xcodeproj */;
			proxyType = 1;
			remoteGlobalIDString = D2AAC07D0554694100DB518D;
			remoteInfo = CordovaLib;
		};
/* End PBXContainerItemProxy section */

/* Begin PBXFileReference section */
		010D56079563411888C2F92C /* dsa.h */ = {isa = PBXFileReference; explicitFileType = undefined; fileEncoding = 4; includeInIndex = 0; lastKnownFileType = sourcecode.c.h; name = dsa.h; path = com.yoopoon.cordova.plugin.alipay/openssl/dsa.h; sourceTree = "<group>"; };
		01BDB8D0C5334C2580009F31 /* CDVNotification.m */ = {isa = PBXFileReference; explicitFileType = undefined; fileEncoding = 4; includeInIndex = 0; lastKnownFileType = sourcecode.c.objc; name = CDVNotification.m; path = "cordova-plugin-dialogs/CDVNotification.m"; sourceTree = "<group>"; };
		0207DA571B56EA530066E2B4 /* Images.xcassets */ = {isa = PBXFileReference; lastKnownFileType = folder.assetcatalog; name = Images.xcassets; path = cordovaDemo/Images.xcassets; sourceTree = SOURCE_ROOT; };
		02DCC2A3F17245C9A39B9410 /* tls1.h */ = {isa = PBXFileReference; explicitFileType = undefined; fileEncoding = 4; includeInIndex = 0; lastKnownFileType = sourcecode.c.h; name = tls1.h; path = com.yoopoon.cordova.plugin.alipay/openssl/tls1.h; sourceTree = "<group>"; };
		0440867F43414427BF93047C /* asn1.h */ = {isa = PBXFileReference; explicitFileType = undefined; fileEncoding = 4; includeInIndex = 0; lastKnownFileType = sourcecode.c.h; name = asn1.h; path = com.yoopoon.cordova.plugin.alipay/openssl/asn1.h; sourceTree = "<group>"; };
		048FC262FBD8457CA80E0278 /* ssl.h */ = {isa = PBXFileReference; explicitFileType = undefined; fileEncoding = 4; includeInIndex = 0; lastKnownFileType = sourcecode.c.h; name = ssl.h; path = com.yoopoon.cordova.plugin.alipay/openssl/ssl.h; sourceTree = "<group>"; };
		06F3F240927449DEAE890C16 /* txt_db.h */ = {isa = PBXFileReference; explicitFileType = undefined; fileEncoding = 4; includeInIndex = 0; lastKnownFileType = sourcecode.c.h; name = txt_db.h; path = com.yoopoon.cordova.plugin.alipay/openssl/txt_db.h; sourceTree = "<group>"; };
		07B58AFC13EF4ADFA26C2510 /* rc4.h */ = {isa = PBXFileReference; explicitFileType = undefined; fileEncoding = 4; includeInIndex = 0; lastKnownFileType = sourcecode.c.h; name = rc4.h; path = com.yoopoon.cordova.plugin.alipay/openssl/rc4.h; sourceTree = "<group>"; };
		093DCFFA53C3442E9ABFE882 /* CDVNotification.bundle */ = {isa = PBXFileReference; explicitFileType = undefined; fileEncoding = 9; includeInIndex = 0; lastKnownFileType = "wrapper.plug-in"; path = CDVNotification.bundle; sourceTree = "<group>"; };
		09AA50853E2E4A139DF9F583 /* ocsp.h */ = {isa = PBXFileReference; explicitFileType = undefined; fileEncoding = 4; includeInIndex = 0; lastKnownFileType = sourcecode.c.h; name = ocsp.h; path = com.yoopoon.cordova.plugin.alipay/openssl/ocsp.h; sourceTree = "<group>"; };
		0C3EE48A6835462D9AD7A9A8 /* CDVContact.h */ = {isa = PBXFileReference; explicitFileType = undefined; fileEncoding = 4; includeInIndex = 0; lastKnownFileType = sourcecode.c.h; name = CDVContact.h; path = "cordova-plugin-contacts/CDVContact.h"; sourceTree = "<group>"; };
		0CC916704DDE4DE1A48B27B6 /* CDVCapture.m */ = {isa = PBXFileReference; explicitFileType = undefined; fileEncoding = 4; includeInIndex = 0; lastKnownFileType = sourcecode.c.objc; name = CDVCapture.m; path = "cordova-plugin-media-capture/CDVCapture.m"; sourceTree = "<group>"; };
		0E2D3B0C535A48799320E93A /* CDVLogger.h */ = {isa = PBXFileReference; explicitFileType = undefined; fileEncoding = 4; includeInIndex = 0; lastKnownFileType = sourcecode.c.h; name = CDVLogger.h; path = "cordova-plugin-console/CDVLogger.h"; sourceTree = "<group>"; };
		0F40ED690ADA4C13B877CC6E /* ecdh.h */ = {isa = PBXFileReference; explicitFileType = undefined; fileEncoding = 4; includeInIndex = 0; lastKnownFileType = sourcecode.c.h; name = ecdh.h; path = com.yoopoon.cordova.plugin.alipay/openssl/ecdh.h; sourceTree = "<group>"; };
		111484F296C04BD2B278F5DB /* CDVStatusBar.h */ = {isa = PBXFileReference; explicitFileType = undefined; fileEncoding = 4; includeInIndex = 0; lastKnownFileType = sourcecode.c.h; name = CDVStatusBar.h; path = "cordova-plugin-statusbar/CDVStatusBar.h"; sourceTree = "<group>"; };
		113CBF61B4A64D55950589BB /* base64.m */ = {isa = PBXFileReference; explicitFileType = undefined; fileEncoding = 4; includeInIndex = 0; lastKnownFileType = sourcecode.c.objc; name = base64.m; path = com.yoopoon.cordova.plugin.alipay/base64.m; sourceTree = "<group>"; };
		11BFED8868F741FBA56D6B78 /* UIImage+CropScaleOrientation.h */ = {isa = PBXFileReference; explicitFileType = undefined; fileEncoding = 4; includeInIndex = 0; lastKnownFileType = sourcecode.c.h; name = "UIImage+CropScaleOrientation.h"; path = "cordova-plugin-camera/UIImage+CropScaleOrientation.h"; sourceTree = "<group>"; };
		164CAEA7CF93499BA99F996E /* krb5_asn.h */ = {isa = PBXFileReference; explicitFileType = undefined; fileEncoding = 4; includeInIndex = 0; lastKnownFileType = sourcecode.c.h; name = krb5_asn.h; path = com.yoopoon.cordova.plugin.alipay/openssl/krb5_asn.h; sourceTree = "<group>"; };
		16C23AD52E8F4409B277F302 /* CDVStatusBar.m */ = {isa = PBXFileReference; explicitFileType = undefined; fileEncoding = 4; includeInIndex = 0; lastKnownFileType = sourcecode.c.objc; name = CDVStatusBar.m; path = "cordova-plugin-statusbar/CDVStatusBar.m"; sourceTree = "<group>"; };
		16E1A270E1B54C0A9D5568BE /* CDVCompass.h */ = {isa = PBXFileReference; explicitFileType = undefined; fileEncoding = 4; includeInIndex = 0; lastKnownFileType = sourcecode.c.h; name = CDVCompass.h; path = "cordova-plugin-device-orientation/CDVCompass.h"; sourceTree = "<group>"; };
		196767573BFC4333B50C75B1 /* DataSigner.m */ = {isa = PBXFileReference; explicitFileType = undefined; fileEncoding = 4; includeInIndex = 0; lastKnownFileType = sourcecode.c.objc; name = DataSigner.m; path = com.yoopoon.cordova.plugin.alipay/DataSigner.m; sourceTree = "<group>"; };
		1970FE9FAF2A4FE5B11D0FF7 /* idea.h */ = {isa = PBXFileReference; explicitFileType = undefined; fileEncoding = 4; includeInIndex = 0; lastKnownFileType = sourcecode.c.h; name = idea.h; path = com.yoopoon.cordova.plugin.alipay/openssl/idea.h; sourceTree = "<group>"; };
		1C9227CA9C844CE4BAA4B899 /* AlipaySDK.framework */ = {isa = PBXFileReference; explicitFileType = undefined; fileEncoding = 9; includeInIndex = 0; lastKnownFileType = wrapper.framework; name = AlipaySDK.framework; path = cordovaDemo/Plugins/com.yoopoon.cordova.plugin.alipay/AlipaySDK.framework; sourceTree = "<group>"; };
		1D27A23212744AEDA391063D /* CDVConnection.m */ = {isa = PBXFileReference; explicitFileType = undefined; fileEncoding = 4; includeInIndex = 0; lastKnownFileType = sourcecode.c.objc; name = CDVConnection.m; path = "cordova-plugin-network-information/CDVConnection.m"; sourceTree = "<group>"; };
		1D3623240D0F684500981E51 /* AppDelegate.h */ = {isa = PBXFileReference; fileEncoding = 4; lastKnownFileType = sourcecode.c.h; path = AppDelegate.h; sourceTree = "<group>"; };
		1D3623250D0F684500981E51 /* AppDelegate.m */ = {isa = PBXFileReference; fileEncoding = 4; lastKnownFileType = sourcecode.c.objc; path = AppDelegate.m; sourceTree = "<group>"; };
		1D6058910D05DD3D006BFB54 /* cordovaDemo.app */ = {isa = PBXFileReference; explicitFileType = wrapper.application; includeInIndex = 0; path = cordovaDemo.app; sourceTree = BUILT_PRODUCTS_DIR; };
		20837F7E0DC142CE8C2B98CA /* pkcs7.h */ = {isa = PBXFileReference; explicitFileType = undefined; fileEncoding = 4; includeInIndex = 0; lastKnownFileType = sourcecode.c.h; name = pkcs7.h; path = com.yoopoon.cordova.plugin.alipay/openssl/pkcs7.h; sourceTree = "<group>"; };
		25E1CD7908DC4FF49DF762B1 /* AVFoundation.framework */ = {isa = PBXFileReference; explicitFileType = undefined; fileEncoding = 9; includeInIndex = 0; lastKnownFileType = wrapper.framework; name = AVFoundation.framework; path = System/Library/Frameworks/AVFoundation.framework; sourceTree = SDKROOT; };
		29B97316FDCFA39411CA2CEA /* main.m */ = {isa = PBXFileReference; fileEncoding = 4; lastKnownFileType = sourcecode.c.objc; path = main.m; sourceTree = "<group>"; };
		2A68CE155F0545C0948FD361 /* seed.h */ = {isa = PBXFileReference; explicitFileType = undefined; fileEncoding = 4; includeInIndex = 0; lastKnownFileType = sourcecode.c.h; name = seed.h; path = com.yoopoon.cordova.plugin.alipay/openssl/seed.h; sourceTree = "<group>"; };
		2AA1E36F34194E9695A42487 /* cms.h */ = {isa = PBXFileReference; explicitFileType = undefined; fileEncoding = 4; includeInIndex = 0; lastKnownFileType = sourcecode.c.h; name = cms.h; path = com.yoopoon.cordova.plugin.alipay/openssl/cms.h; sourceTree = "<group>"; };
		2BA7D121A8234C63A2CF7914 /* CDVGlobalization.h */ = {isa = PBXFileReference; explicitFileType = undefined; fileEncoding = 4; includeInIndex = 0; lastKnownFileType = sourcecode.c.h; name = CDVGlobalization.h; path = "cordova-plugin-globalization/CDVGlobalization.h"; sourceTree = "<group>"; };
		2D13E6F536B34E069FA69958 /* conf.h */ = {isa = PBXFileReference; explicitFileType = undefined; fileEncoding = 4; includeInIndex = 0; lastKnownFileType = sourcecode.c.h; name = conf.h; path = com.yoopoon.cordova.plugin.alipay/openssl/conf.h; sourceTree = "<group>"; };
		2FE7C50D593C4FFA857E8026 /* MD5DataSigner.m */ = {isa = PBXFileReference; explicitFileType = undefined; fileEncoding = 4; includeInIndex = 0; lastKnownFileType = sourcecode.c.objc; name = MD5DataSigner.m; path = com.yoopoon.cordova.plugin.alipay/MD5DataSigner.m; sourceTree = "<group>"; };
		301BF52D109A57CC0062928A /* CordovaLib.xcodeproj */ = {isa = PBXFileReference; lastKnownFileType = "wrapper.pb-project"; name = CordovaLib.xcodeproj; path = CordovaLib/CordovaLib.xcodeproj; sourceTree = "<group>"; };
		301BF56E109A69640062928A /* www */ = {isa = PBXFileReference; lastKnownFileType = folder; path = www; sourceTree = SOURCE_ROOT; };
		302D95EE14D2391D003F00A1 /* MainViewController.h */ = {isa = PBXFileReference; fileEncoding = 4; lastKnownFileType = sourcecode.c.h; path = MainViewController.h; sourceTree = "<group>"; };
		302D95EF14D2391D003F00A1 /* MainViewController.m */ = {isa = PBXFileReference; fileEncoding = 4; lastKnownFileType = sourcecode.c.objc; path = MainViewController.m; sourceTree = "<group>"; };
		302D95F014D2391D003F00A1 /* MainViewController.xib */ = {isa = PBXFileReference; fileEncoding = 4; lastKnownFileType = file.xib; path = MainViewController.xib; sourceTree = "<group>"; };
		3047A50F1AB8059700498E2A /* build-debug.xcconfig */ = {isa = PBXFileReference; fileEncoding = 4; lastKnownFileType = text.xcconfig; name = "build-debug.xcconfig"; path = "cordova/build-debug.xcconfig"; sourceTree = SOURCE_ROOT; };
		3047A5101AB8059700498E2A /* build-release.xcconfig */ = {isa = PBXFileReference; fileEncoding = 4; lastKnownFileType = text.xcconfig; name = "build-release.xcconfig"; path = "cordova/build-release.xcconfig"; sourceTree = SOURCE_ROOT; };
		3047A5111AB8059700498E2A /* build.xcconfig */ = {isa = PBXFileReference; fileEncoding = 4; lastKnownFileType = text.xcconfig; name = build.xcconfig; path = cordova/build.xcconfig; sourceTree = SOURCE_ROOT; };
		32CA4F630368D1EE00C91783 /* cordovaDemo-Prefix.pch */ = {isa = PBXFileReference; fileEncoding = 4; lastKnownFileType = sourcecode.c.h; path = "cordovaDemo-Prefix.pch"; sourceTree = "<group>"; };
		3393049DA8BC4890ACEBBEEA /* rc2.h */ = {isa = PBXFileReference; explicitFileType = undefined; fileEncoding = 4; includeInIndex = 0; lastKnownFileType = sourcecode.c.h; name = rc2.h; path = com.yoopoon.cordova.plugin.alipay/openssl/rc2.h; sourceTree = "<group>"; };
		367B62DBEA7E4F1392315F6C /* opensslconf.h */ = {isa = PBXFileReference; explicitFileType = undefined; fileEncoding = 4; includeInIndex = 0; lastKnownFileType = sourcecode.c.h; name = opensslconf.h; path = com.yoopoon.cordova.plugin.alipay/openssl/opensslconf.h; sourceTree = "<group>"; };
		395C92C8C6A24243B69B5819 /* AddressBook.framework */ = {isa = PBXFileReference; explicitFileType = undefined; fileEncoding = 9; includeInIndex = 0; lastKnownFileType = wrapper.framework; name = AddressBook.framework; path = System/Library/Frameworks/AddressBook.framework; sourceTree = SDKROOT; };
		3B5987BE2E9F47979CBA66B7 /* ripemd.h */ = {isa = PBXFileReference; explicitFileType = undefined; fileEncoding = 4; includeInIndex = 0; lastKnownFileType = sourcecode.c.h; name = ripemd.h; path = com.yoopoon.cordova.plugin.alipay/openssl/ripemd.h; sourceTree = "<group>"; };
		3CBFEED73D1F40788C6F38CF /* symhacks.h */ = {isa = PBXFileReference; explicitFileType = undefined; fileEncoding = 4; includeInIndex = 0; lastKnownFileType = sourcecode.c.h; name = symhacks.h; path = com.yoopoon.cordova.plugin.alipay/openssl/symhacks.h; sourceTree = "<group>"; };
		3E361B215F8C4E2883107E8A /* CDVAlipay.m */ = {isa = PBXFileReference; explicitFileType = undefined; fileEncoding = 4; includeInIndex = 0; lastKnownFileType = sourcecode.c.objc; name = CDVAlipay.m; path = com.yoopoon.cordova.plugin.alipay/CDVAlipay.m; sourceTree = "<group>"; };
		408EB4A9881C417896C38921 /* RSADataVerifier.m */ = {isa = PBXFileReference; explicitFileType = undefined; fileEncoding = 4; includeInIndex = 0; lastKnownFileType = sourcecode.c.objc; name = RSADataVerifier.m; path = com.yoopoon.cordova.plugin.alipay/RSADataVerifier.m; sourceTree = "<group>"; };
		4131EA4A712B452198B4A8BB /* CDVDevice.h */ = {isa = PBXFileReference; explicitFileType = undefined; fileEncoding = 4; includeInIndex = 0; lastKnownFileType = sourcecode.c.h; name = CDVDevice.h; path = "cordova-plugin-device/CDVDevice.h"; sourceTree = "<group>"; };
		47F3908D93224E07858E8E58 /* openssl_wrapper.h */ = {isa = PBXFileReference; explicitFileType = undefined; fileEncoding = 4; includeInIndex = 0; lastKnownFileType = sourcecode.c.h; name = openssl_wrapper.h; path = com.yoopoon.cordova.plugin.alipay/openssl_wrapper.h; sourceTree = "<group>"; };
		4800F640DC314777AA64A865 /* pem.h */ = {isa = PBXFileReference; explicitFileType = undefined; fileEncoding = 4; includeInIndex = 0; lastKnownFileType = sourcecode.c.h; name = pem.h; path = com.yoopoon.cordova.plugin.alipay/openssl/pem.h; sourceTree = "<group>"; };
		493CF2A0A7834DBCA7CBE320 /* CDVReachability.m */ = {isa = PBXFileReference; explicitFileType = undefined; fileEncoding = 4; includeInIndex = 0; lastKnownFileType = sourcecode.c.objc; name = CDVReachability.m; path = "cordova-plugin-network-information/CDVReachability.m"; sourceTree = "<group>"; };
		49AF9E9D865D412092740D8F /* CDVContacts.m */ = {isa = PBXFileReference; explicitFileType = undefined; fileEncoding = 4; includeInIndex = 0; lastKnownFileType = sourcecode.c.objc; name = CDVContacts.m; path = "cordova-plugin-contacts/CDVContacts.m"; sourceTree = "<group>"; };
		49FCDB0D4BAB4AE08FD8932A /* CDVReachability.h */ = {isa = PBXFileReference; explicitFileType = undefined; fileEncoding = 4; includeInIndex = 0; lastKnownFileType = sourcecode.c.h; name = CDVReachability.h; path = "cordova-plugin-network-information/CDVReachability.h"; sourceTree = "<group>"; };
		4ADD7F96411246F897928FD1 /* CDVVibration.h */ = {isa = PBXFileReference; explicitFileType = undefined; fileEncoding = 4; includeInIndex = 0; lastKnownFileType = sourcecode.c.h; name = CDVVibration.h; path = "cordova-plugin-vibration/CDVVibration.h"; sourceTree = "<group>"; };
		4B46E75E436849E991201FFD /* libssl.a */ = {isa = PBXFileReference; explicitFileType = undefined; fileEncoding = 9; includeInIndex = 0; lastKnownFileType = archive.ar; name = libssl.a; path = cordovaDemo/Plugins/com.yoopoon.cordova.plugin.alipay/libssl.a; sourceTree = "<group>"; };
		4B76AD9E9F624F7FBDDF9E3D /* x509_vfy.h */ = {isa = PBXFileReference; explicitFileType = undefined; fileEncoding = 4; includeInIndex = 0; lastKnownFileType = sourcecode.c.h; name = x509_vfy.h; path = com.yoopoon.cordova.plugin.alipay/openssl/x509_vfy.h; sourceTree = "<group>"; };
		4D1D759525A6487587BCE654 /* UIImage+CropScaleOrientation.m */ = {isa = PBXFileReference; explicitFileType = undefined; fileEncoding = 4; includeInIndex = 0; lastKnownFileType = sourcecode.c.objc; name = "UIImage+CropScaleOrientation.m"; path = "cordova-plugin-camera/UIImage+CropScaleOrientation.m"; sourceTree = "<group>"; };
		4D74926D039E4679918087B6 /* CDVVibration.m */ = {isa = PBXFileReference; explicitFileType = undefined; fileEncoding = 4; includeInIndex = 0; lastKnownFileType = sourcecode.c.objc; name = CDVVibration.m; path = "cordova-plugin-vibration/CDVVibration.m"; sourceTree = "<group>"; };
		5430244BA1B9435ABE0B915F /* base64.h */ = {isa = PBXFileReference; explicitFileType = undefined; fileEncoding = 4; includeInIndex = 0; lastKnownFileType = sourcecode.c.h; name = base64.h; path = com.yoopoon.cordova.plugin.alipay/base64.h; sourceTree = "<group>"; };
		55BF87E74EA342A4B48AA009 /* dtls1.h */ = {isa = PBXFileReference; explicitFileType = undefined; fileEncoding = 4; includeInIndex = 0; lastKnownFileType = sourcecode.c.h; name = dtls1.h; path = com.yoopoon.cordova.plugin.alipay/openssl/dtls1.h; sourceTree = "<group>"; };
		57524E593AE64F1299B9F0BA /* rand.h */ = {isa = PBXFileReference; explicitFileType = undefined; fileEncoding = 4; includeInIndex = 0; lastKnownFileType = sourcecode.c.h; name = rand.h; path = com.yoopoon.cordova.plugin.alipay/openssl/rand.h; sourceTree = "<group>"; };
		5B1072D0C4444A1884BDFCC4 /* config.h */ = {isa = PBXFileReference; explicitFileType = undefined; fileEncoding = 4; includeInIndex = 0; lastKnownFileType = sourcecode.c.h; name = config.h; path = com.yoopoon.cordova.plugin.alipay/config.h; sourceTree = "<group>"; };
		5DFE48F4270D48E3A305AEB3 /* whrlpool.h */ = {isa = PBXFileReference; explicitFileType = undefined; fileEncoding = 4; includeInIndex = 0; lastKnownFileType = sourcecode.c.h; name = whrlpool.h; path = com.yoopoon.cordova.plugin.alipay/openssl/whrlpool.h; sourceTree = "<group>"; };
		650EC59E2E9B48A19342DE30 /* CDVAccelerometer.m */ = {isa = PBXFileReference; explicitFileType = undefined; fileEncoding = 4; includeInIndex = 0; lastKnownFileType = sourcecode.c.objc; name = CDVAccelerometer.m; path = "cordova-plugin-device-motion/CDVAccelerometer.m"; sourceTree = "<group>"; };
		65352BF460AB436BB3CFDF9F /* CDVLogger.m */ = {isa = PBXFileReference; explicitFileType = undefined; fileEncoding = 4; includeInIndex = 0; lastKnownFileType = sourcecode.c.objc; name = CDVLogger.m; path = "cordova-plugin-console/CDVLogger.m"; sourceTree = "<group>"; };
		65CE3E5965EE45A494F575C8 /* buffer.h */ = {isa = PBXFileReference; explicitFileType = undefined; fileEncoding = 4; includeInIndex = 0; lastKnownFileType = sourcecode.c.h; name = buffer.h; path = com.yoopoon.cordova.plugin.alipay/openssl/buffer.h; sourceTree = "<group>"; };
		682901C3AAE64C0CBBAABF26 /* CDVSound.m */ = {isa = PBXFileReference; explicitFileType = undefined; fileEncoding = 4; includeInIndex = 0; lastKnownFileType = sourcecode.c.objc; name = CDVSound.m; path = "cordova-plugin-media/CDVSound.m"; sourceTree = "<group>"; };
		69CFA891C837444EB8EC5493 /* NSDataEx.m */ = {isa = PBXFileReference; explicitFileType = undefined; fileEncoding = 4; includeInIndex = 0; lastKnownFileType = sourcecode.c.objc; name = NSDataEx.m; path = com.yoopoon.cordova.plugin.alipay/NSDataEx.m; sourceTree = "<group>"; };
		6AFF5BF81D6E424B00AB3073 /* CDVLaunchScreen.storyboard */ = {isa = PBXFileReference; fileEncoding = 4; lastKnownFileType = file.storyboard; name = CDVLaunchScreen.storyboard; path = cordovaDemo/CDVLaunchScreen.storyboard; sourceTree = SOURCE_ROOT; };
		6C90F87D890E4E3EA3A6E2CB /* CDVFileTransfer.h */ = {isa = PBXFileReference; explicitFileType = undefined; fileEncoding = 4; includeInIndex = 0; lastKnownFileType = sourcecode.c.h; name = CDVFileTransfer.h; path = "cordova-plugin-file-transfer/CDVFileTransfer.h"; sourceTree = "<group>"; };
		6EB86C120D3249BE92AF7791 /* libz.1.2.5.tbd */ = {isa = PBXFileReference; explicitFileType = undefined; fileEncoding = 9; includeInIndex = 0; lastKnownFileType = "sourcecode.text-based-dylib-definition"; name = libz.1.2.5.tbd; path = usr/lib/libz.1.2.5.tbd; sourceTree = SDKROOT; };
		704EDDE282C54C58B1C6925A /* opensslv.h */ = {isa = PBXFileReference; explicitFileType = undefined; fileEncoding = 4; includeInIndex = 0; lastKnownFileType = sourcecode.c.h; name = opensslv.h; path = com.yoopoon.cordova.plugin.alipay/openssl/opensslv.h; sourceTree = "<group>"; };
		718228C0EAF24B66BAD64490 /* CDVCapture.h */ = {isa = PBXFileReference; explicitFileType = undefined; fileEncoding = 4; includeInIndex = 0; lastKnownFileType = sourcecode.c.h; name = CDVCapture.h; path = "cordova-plugin-media-capture/CDVCapture.h"; sourceTree = "<group>"; };
		731B2A6D9FA24C5EB200C4EF /* CDVFileTransfer.m */ = {isa = PBXFileReference; explicitFileType = undefined; fileEncoding = 4; includeInIndex = 0; lastKnownFileType = sourcecode.c.objc; name = CDVFileTransfer.m; path = "cordova-plugin-file-transfer/CDVFileTransfer.m"; sourceTree = "<group>"; };
		75C998D219034CB0BA555C25 /* CDVLocalFilesystem.m */ = {isa = PBXFileReference; explicitFileType = undefined; fileEncoding = 4; includeInIndex = 0; lastKnownFileType = sourcecode.c.objc; name = CDVLocalFilesystem.m; path = "cordova-plugin-file/CDVLocalFilesystem.m"; sourceTree = "<group>"; };
		76AC0D599E8D4B3093F8B2C8 /* CDVInAppBrowser.m */ = {isa = PBXFileReference; explicitFileType = undefined; fileEncoding = 4; includeInIndex = 0; lastKnownFileType = sourcecode.c.objc; name = CDVInAppBrowser.m; path = "cordova-plugin-inappbrowser/CDVInAppBrowser.m"; sourceTree = "<group>"; };
		771C1E8DF83C4BCEA5ABD9E5 /* ebcdic.h */ = {isa = PBXFileReference; explicitFileType = undefined; fileEncoding = 4; includeInIndex = 0; lastKnownFileType = sourcecode.c.h; name = ebcdic.h; path = com.yoopoon.cordova.plugin.alipay/openssl/ebcdic.h; sourceTree = "<group>"; };
		778DE0BEBD954AE4945B8471 /* des_old.h */ = {isa = PBXFileReference; explicitFileType = undefined; fileEncoding = 4; includeInIndex = 0; lastKnownFileType = sourcecode.c.h; name = des_old.h; path = com.yoopoon.cordova.plugin.alipay/openssl/des_old.h; sourceTree = "<group>"; };
		7BCBA1B9DE9A40339EFFE21F /* libsqlite3.0.tbd */ = {isa = PBXFileReference; explicitFileType = undefined; fileEncoding = 9; includeInIndex = 0; lastKnownFileType = "sourcecode.text-based-dylib-definition"; name = libsqlite3.0.tbd; path = usr/lib/libsqlite3.0.tbd; sourceTree = SDKROOT; };
		7E1E633847C1496D8FFF09D5 /* CDVFile.m */ = {isa = PBXFileReference; explicitFileType = undefined; fileEncoding = 4; includeInIndex = 0; lastKnownFileType = sourcecode.c.objc; name = CDVFile.m; path = "cordova-plugin-file/CDVFile.m"; sourceTree = "<group>"; };
		7F237FC95BD841E4A6B8C0EB /* rsa.h */ = {isa = PBXFileReference; explicitFileType = undefined; fileEncoding = 4; includeInIndex = 0; lastKnownFileType = sourcecode.c.h; name = rsa.h; path = com.yoopoon.cordova.plugin.alipay/openssl/rsa.h; sourceTree = "<group>"; };
		7F913A67CF3C49E9926474FD /* objects.h */ = {isa = PBXFileReference; explicitFileType = undefined; fileEncoding = 4; includeInIndex = 0; lastKnownFileType = sourcecode.c.h; name = objects.h; path = com.yoopoon.cordova.plugin.alipay/openssl/objects.h; sourceTree = "<group>"; };
		8013D588A450440D8B7F406C /* ts.h */ = {isa = PBXFileReference; explicitFileType = undefined; fileEncoding = 4; includeInIndex = 0; lastKnownFileType = sourcecode.c.h; name = ts.h; path = com.yoopoon.cordova.plugin.alipay/openssl/ts.h; sourceTree = "<group>"; };
		818E4298584A433FA73EB189 /* CDVAccelerometer.h */ = {isa = PBXFileReference; explicitFileType = undefined; fileEncoding = 4; includeInIndex = 0; lastKnownFileType = sourcecode.c.h; name = CDVAccelerometer.h; path = "cordova-plugin-device-motion/CDVAccelerometer.h"; sourceTree = "<group>"; };
		83EF17EF22CF42BE989D33A2 /* AlipaySDK.bundle */ = {isa = PBXFileReference; explicitFileType = undefined; fileEncoding = 9; includeInIndex = 0; lastKnownFileType = "wrapper.plug-in"; path = AlipaySDK.bundle; sourceTree = "<group>"; };
		840468F78C994055A779A765 /* hmac.h */ = {isa = PBXFileReference; explicitFileType = undefined; fileEncoding = 4; includeInIndex = 0; lastKnownFileType = sourcecode.c.h; name = hmac.h; path = com.yoopoon.cordova.plugin.alipay/openssl/hmac.h; sourceTree = "<group>"; };
		84A84E4A9E3047F08480B6E8 /* dh.h */ = {isa = PBXFileReference; explicitFileType = undefined; fileEncoding = 4; includeInIndex = 0; lastKnownFileType = sourcecode.c.h; name = dh.h; path = com.yoopoon.cordova.plugin.alipay/openssl/dh.h; sourceTree = "<group>"; };
		85F2DD150EBE4F9DB7C8A8FB /* ImageIO.framework */ = {isa = PBXFileReference; explicitFileType = undefined; fileEncoding = 9; includeInIndex = 0; lastKnownFileType = wrapper.framework; name = ImageIO.framework; path = System/Library/Frameworks/ImageIO.framework; sourceTree = SDKROOT; };
		871DD476B2B348DFBDA2916A /* pqueue.h */ = {isa = PBXFileReference; explicitFileType = undefined; fileEncoding = 4; includeInIndex = 0; lastKnownFileType = sourcecode.c.h; name = pqueue.h; path = com.yoopoon.cordova.plugin.alipay/openssl/pqueue.h; sourceTree = "<group>"; };
		87BBCA64A8CB4A72B8677611 /* modes.h */ = {isa = PBXFileReference; explicitFileType = undefined; fileEncoding = 4; includeInIndex = 0; lastKnownFileType = sourcecode.c.h; name = modes.h; path = com.yoopoon.cordova.plugin.alipay/openssl/modes.h; sourceTree = "<group>"; };
		87FA73CD05C34655A0A08E51 /* openssl_wrapper.m */ = {isa = PBXFileReference; explicitFileType = undefined; fileEncoding = 4; includeInIndex = 0; lastKnownFileType = sourcecode.c.objc; name = openssl_wrapper.m; path = com.yoopoon.cordova.plugin.alipay/openssl_wrapper.m; sourceTree = "<group>"; };
		89AB5084F63142AEA7F7A24B /* CDVCamera.m */ = {isa = PBXFileReference; explicitFileType = undefined; fileEncoding = 4; includeInIndex = 0; lastKnownFileType = sourcecode.c.objc; name = CDVCamera.m; path = "cordova-plugin-camera/CDVCamera.m"; sourceTree = "<group>"; };
		8B4A0AA699D54FD9A4C93421 /* CDVExif.h */ = {isa = PBXFileReference; explicitFileType = undefined; fileEncoding = 4; includeInIndex = 0; lastKnownFileType = sourcecode.c.h; name = CDVExif.h; path = "cordova-plugin-camera/CDVExif.h"; sourceTree = "<group>"; };
		8CD2C5E951E64E1794163C4C /* CDVContact.m */ = {isa = PBXFileReference; explicitFileType = undefined; fileEncoding = 4; includeInIndex = 0; lastKnownFileType = sourcecode.c.objc; name = CDVContact.m; path = "cordova-plugin-contacts/CDVContact.m"; sourceTree = "<group>"; };
		8D1107310486CEB800E47090 /* cordovaDemo-Info.plist */ = {isa = PBXFileReference; fileEncoding = 4; lastKnownFileType = text.plist.xml; name = "cordovaDemo-Info.plist"; path = "cordovaDemo/cordovaDemo-Info.plist"; plistStructureDefinitionIdentifier = "com.apple.xcode.plist.structure-definition.iphone.info-plist"; sourceTree = SOURCE_ROOT; };
		8E441E8102CC4A139F3C4D3B /* crypto.h */ = {isa = PBXFileReference; explicitFileType = undefined; fileEncoding = 4; includeInIndex = 0; lastKnownFileType = sourcecode.c.h; name = crypto.h; path = com.yoopoon.cordova.plugin.alipay/openssl/crypto.h; sourceTree = "<group>"; };
		8ED5C6E9506749C8A33DB9BA /* CDVBattery.m */ = {isa = PBXFileReference; explicitFileType = undefined; fileEncoding = 4; includeInIndex = 0; lastKnownFileType = sourcecode.c.objc; name = CDVBattery.m; path = "cordova-plugin-battery-status/CDVBattery.m"; sourceTree = "<group>"; };
		90263DD7A92B49D196D21B71 /* SystemConfiguration.framework */ = {isa = PBXFileReference; explicitFileType = undefined; fileEncoding = 9; includeInIndex = 0; lastKnownFileType = wrapper.framework; name = SystemConfiguration.framework; path = System/Library/Frameworks/SystemConfiguration.framework; sourceTree = SDKROOT; };
		9284C87C74CC4FBB86DAE82E /* NSDataEx.h */ = {isa = PBXFileReference; explicitFileType = undefined; fileEncoding = 4; includeInIndex = 0; lastKnownFileType = sourcecode.c.h; name = NSDataEx.h; path = com.yoopoon.cordova.plugin.alipay/NSDataEx.h; sourceTree = "<group>"; };
		9713A02930ED43DD9BE68E9F /* libz.tbd */ = {isa = PBXFileReference; explicitFileType = undefined; fileEncoding = 9; includeInIndex = 0; lastKnownFileType = "sourcecode.text-based-dylib-definition"; name = libz.tbd; path = usr/lib/libz.tbd; sourceTree = SDKROOT; };
		97C432DE6A984ECDAD18A49A /* CDVFile.h */ = {isa = PBXFileReference; explicitFileType = undefined; fileEncoding = 4; includeInIndex = 0; lastKnownFileType = sourcecode.c.h; name = CDVFile.h; path = "cordova-plugin-file/CDVFile.h"; sourceTree = "<group>"; };
		98ED97C4E53A492D92CF5147 /* engine.h */ = {isa = PBXFileReference; explicitFileType = undefined; fileEncoding = 4; includeInIndex = 0; lastKnownFileType = sourcecode.c.h; name = engine.h; path = com.yoopoon.cordova.plugin.alipay/openssl/engine.h; sourceTree = "<group>"; };
		9AEEB88C3D7A455CB5C651AD /* CDVAssetLibraryFilesystem.h */ = {isa = PBXFileReference; explicitFileType = undefined; fileEncoding = 4; includeInIndex = 0; lastKnownFileType = sourcecode.c.h; name = CDVAssetLibraryFilesystem.h; path = "cordova-plugin-file/CDVAssetLibraryFilesystem.h"; sourceTree = "<group>"; };
		9BAB8F23422A400C80ACBBE0 /* Order.m */ = {isa = PBXFileReference; explicitFileType = undefined; fileEncoding = 4; includeInIndex = 0; lastKnownFileType = sourcecode.c.objc; name = Order.m; path = com.yoopoon.cordova.plugin.alipay/Order.m; sourceTree = "<group>"; };
		9BEFD7CF84894C5583FE3B49 /* CDVAlipay.h */ = {isa = PBXFileReference; explicitFileType = undefined; fileEncoding = 4; includeInIndex = 0; lastKnownFileType = sourcecode.c.h; name = CDVAlipay.h; path = com.yoopoon.cordova.plugin.alipay/CDVAlipay.h; sourceTree = "<group>"; };
		9C113D92449146DBB81DCD73 /* CDVLocation.m */ = {isa = PBXFileReference; explicitFileType = undefined; fileEncoding = 4; includeInIndex = 0; lastKnownFileType = sourcecode.c.objc; name = CDVLocation.m; path = "cordova-plugin-geolocation/CDVLocation.m"; sourceTree = "<group>"; };
		9CDAA6E182604FCA9C5AD418 /* md4.h */ = {isa = PBXFileReference; explicitFileType = undefined; fileEncoding = 4; includeInIndex = 0; lastKnownFileType = sourcecode.c.h; name = md4.h; path = com.yoopoon.cordova.plugin.alipay/openssl/md4.h; sourceTree = "<group>"; };
		A13CB47EA2474BD6AE15F617 /* CoreTelephony.framework */ = {isa = PBXFileReference; explicitFileType = undefined; fileEncoding = 9; includeInIndex = 0; lastKnownFileType = wrapper.framework; name = CoreTelephony.framework; path = System/Library/Frameworks/CoreTelephony.framework; sourceTree = SDKROOT; };
		A2514C4E17754B5884765E8F /* camellia.h */ = {isa = PBXFileReference; explicitFileType = undefined; fileEncoding = 4; includeInIndex = 0; lastKnownFileType = sourcecode.c.h; name = camellia.h; path = com.yoopoon.cordova.plugin.alipay/openssl/camellia.h; sourceTree = "<group>"; };
		A57244A0DB6941AA978BEFD4 /* ui_compat.h */ = {isa = PBXFileReference; explicitFileType = undefined; fileEncoding = 4; includeInIndex = 0; lastKnownFileType = sourcecode.c.h; name = ui_compat.h; path = com.yoopoon.cordova.plugin.alipay/openssl/ui_compat.h; sourceTree = "<group>"; };
		A8E9B8E8707C40D297E250CA /* CDVBattery.h */ = {isa = PBXFileReference; explicitFileType = undefined; fileEncoding = 4; includeInIndex = 0; lastKnownFileType = sourcecode.c.h; name = CDVBattery.h; path = "cordova-plugin-battery-status/CDVBattery.h"; sourceTree = "<group>"; };
		A95C6BB988964305821E07EE /* CDVContacts.h */ = {isa = PBXFileReference; explicitFileType = undefined; fileEncoding = 4; includeInIndex = 0; lastKnownFileType = sourcecode.c.h; name = CDVContacts.h; path = "cordova-plugin-contacts/CDVContacts.h"; sourceTree = "<group>"; };
		A9C175875FFC4844914F8AFB /* obj_mac.h */ = {isa = PBXFileReference; explicitFileType = undefined; fileEncoding = 4; includeInIndex = 0; lastKnownFileType = sourcecode.c.h; name = obj_mac.h; path = com.yoopoon.cordova.plugin.alipay/openssl/obj_mac.h; sourceTree = "<group>"; };
		AA365B13628540DFBD37CB63 /* CDVConnection.h */ = {isa = PBXFileReference; explicitFileType = undefined; fileEncoding = 4; includeInIndex = 0; lastKnownFileType = sourcecode.c.h; name = CDVConnection.h; path = "cordova-plugin-network-information/CDVConnection.h"; sourceTree = "<group>"; };
		AA3F0EFB751F4DD1BA045648 /* ecdsa.h */ = {isa = PBXFileReference; explicitFileType = undefined; fileEncoding = 4; includeInIndex = 0; lastKnownFileType = sourcecode.c.h; name = ecdsa.h; path = com.yoopoon.cordova.plugin.alipay/openssl/ecdsa.h; sourceTree = "<group>"; };
		AAEEDEC6F0384A4B9F1E9A2B /* DataVerifier.m */ = {isa = PBXFileReference; explicitFileType = undefined; fileEncoding = 4; includeInIndex = 0; lastKnownFileType = sourcecode.c.objc; name = DataVerifier.m; path = com.yoopoon.cordova.plugin.alipay/DataVerifier.m; sourceTree = "<group>"; };
		AB2E32AAB17B4C609EB3F8CB /* ssl23.h */ = {isa = PBXFileReference; explicitFileType = undefined; fileEncoding = 4; includeInIndex = 0; lastKnownFileType = sourcecode.c.h; name = ssl23.h; path = com.yoopoon.cordova.plugin.alipay/openssl/ssl23.h; sourceTree = "<group>"; };
		ABD26CAD5ABD4064963F769D /* asn1t.h */ = {isa = PBXFileReference; explicitFileType = undefined; fileEncoding = 4; includeInIndex = 0; lastKnownFileType = sourcecode.c.h; name = asn1t.h; path = com.yoopoon.cordova.plugin.alipay/openssl/asn1t.h; sourceTree = "<group>"; };
		ACF4B3871FCD45C4BDAE4CA2 /* comp.h */ = {isa = PBXFileReference; explicitFileType = undefined; fileEncoding = 4; includeInIndex = 0; lastKnownFileType = sourcecode.c.h; name = comp.h; path = com.yoopoon.cordova.plugin.alipay/openssl/comp.h; sourceTree = "<group>"; };
		AD70525335734D3498AD57E0 /* RSADataSigner.h */ = {isa = PBXFileReference; explicitFileType = undefined; fileEncoding = 4; includeInIndex = 0; lastKnownFileType = sourcecode.c.h; name = RSADataSigner.h; path = com.yoopoon.cordova.plugin.alipay/RSADataSigner.h; sourceTree = "<group>"; };
		AFCD59CA005C497780740E33 /* bio.h */ = {isa = PBXFileReference; explicitFileType = undefined; fileEncoding = 4; includeInIndex = 0; lastKnownFileType = sourcecode.c.h; name = bio.h; path = com.yoopoon.cordova.plugin.alipay/openssl/bio.h; sourceTree = "<group>"; };
		B0770813507D42A2B28CC012 /* ossl_typ.h */ = {isa = PBXFileReference; explicitFileType = undefined; fileEncoding = 4; includeInIndex = 0; lastKnownFileType = sourcecode.c.h; name = ossl_typ.h; path = com.yoopoon.cordova.plugin.alipay/openssl/ossl_typ.h; sourceTree = "<group>"; };
		B0AED0E0CE76402BB3B1C267 /* CoreMotion.framework */ = {isa = PBXFileReference; explicitFileType = undefined; fileEncoding = 9; includeInIndex = 0; lastKnownFileType = wrapper.framework; name = CoreMotion.framework; path = System/Library/Frameworks/CoreMotion.framework; sourceTree = SDKROOT; };
		B195E99198A94A59B354C2E1 /* ssl2.h */ = {isa = PBXFileReference; explicitFileType = undefined; fileEncoding = 4; includeInIndex = 0; lastKnownFileType = sourcecode.c.h; name = ssl2.h; path = com.yoopoon.cordova.plugin.alipay/openssl/ssl2.h; sourceTree = "<group>"; };
		B21122A0B74E49FE997B783C /* asn1_mac.h */ = {isa = PBXFileReference; explicitFileType = undefined; fileEncoding = 4; includeInIndex = 0; lastKnownFileType = sourcecode.c.h; name = asn1_mac.h; path = com.yoopoon.cordova.plugin.alipay/openssl/asn1_mac.h; sourceTree = "<group>"; };
		B345A2AD32074A5FBF8745D9 /* safestack.h */ = {isa = PBXFileReference; explicitFileType = undefined; fileEncoding = 4; includeInIndex = 0; lastKnownFileType = sourcecode.c.h; name = safestack.h; path = com.yoopoon.cordova.plugin.alipay/openssl/safestack.h; sourceTree = "<group>"; };
		B453EF7BD6F14817BA926432 /* RSADataSigner.m */ = {isa = PBXFileReference; explicitFileType = undefined; fileEncoding = 4; includeInIndex = 0; lastKnownFileType = sourcecode.c.objc; name = RSADataSigner.m; path = com.yoopoon.cordova.plugin.alipay/RSADataSigner.m; sourceTree = "<group>"; };
		B7753415B804400181F09F45 /* CDVSplashScreen.m */ = {isa = PBXFileReference; explicitFileType = undefined; fileEncoding = 4; includeInIndex = 0; lastKnownFileType = sourcecode.c.objc; name = CDVSplashScreen.m; path = "cordova-plugin-splashscreen/CDVSplashScreen.m"; sourceTree = "<group>"; };
		B78DA84858534490B6AAA6C0 /* CDVAssetLibraryFilesystem.m */ = {isa = PBXFileReference; explicitFileType = undefined; fileEncoding = 4; includeInIndex = 0; lastKnownFileType = sourcecode.c.objc; name = CDVAssetLibraryFilesystem.m; path = "cordova-plugin-file/CDVAssetLibraryFilesystem.m"; sourceTree = "<group>"; };
		B83C312198574E45840037D6 /* srp.h */ = {isa = PBXFileReference; explicitFileType = undefined; fileEncoding = 4; includeInIndex = 0; lastKnownFileType = sourcecode.c.h; name = srp.h; path = com.yoopoon.cordova.plugin.alipay/openssl/srp.h; sourceTree = "<group>"; };
		B863897ACEEB449F9ACC05E9 /* CDVCamera.h */ = {isa = PBXFileReference; explicitFileType = undefined; fileEncoding = 4; includeInIndex = 0; lastKnownFileType = sourcecode.c.h; name = CDVCamera.h; path = "cordova-plugin-camera/CDVCamera.h"; sourceTree = "<group>"; };
		B8771BAFB3A1408A9AE3FEFE /* libstdc++.6.0.9.tbd */ = {isa = PBXFileReference; explicitFileType = undefined; fileEncoding = 9; includeInIndex = 0; lastKnownFileType = "sourcecode.text-based-dylib-definition"; name = "libstdc++.6.0.9.tbd"; path = "usr/lib/libstdc++.6.0.9.tbd"; sourceTree = SDKROOT; };
		B9A2E17E7DE04570B118685B /* ec.h */ = {isa = PBXFileReference; explicitFileType = undefined; fileEncoding = 4; includeInIndex = 0; lastKnownFileType = sourcecode.c.h; name = ec.h; path = com.yoopoon.cordova.plugin.alipay/openssl/ec.h; sourceTree = "<group>"; };
		BF1416EBA79F40E0A5A49232 /* bn.h */ = {isa = PBXFileReference; explicitFileType = undefined; fileEncoding = 4; includeInIndex = 0; lastKnownFileType = sourcecode.c.h; name = bn.h; path = com.yoopoon.cordova.plugin.alipay/openssl/bn.h; sourceTree = "<group>"; };
		C09C60BEE84043A3B4EFB369 /* ui.h */ = {isa = PBXFileReference; explicitFileType = undefined; fileEncoding = 4; includeInIndex = 0; lastKnownFileType = sourcecode.c.h; name = ui.h; path = com.yoopoon.cordova.plugin.alipay/openssl/ui.h; sourceTree = "<group>"; };
		C0B9179B428E495EA8D3F830 /* CDVGlobalization.m */ = {isa = PBXFileReference; explicitFileType = undefined; fileEncoding = 4; includeInIndex = 0; lastKnownFileType = sourcecode.c.objc; name = CDVGlobalization.m; path = "cordova-plugin-globalization/CDVGlobalization.m"; sourceTree = "<group>"; };
		C0E6F77F609941E1B7CDED76 /* libcrypto.a */ = {isa = PBXFileReference; explicitFileType = undefined; fileEncoding = 9; includeInIndex = 0; lastKnownFileType = archive.ar; name = libcrypto.a; path = cordovaDemo/Plugins/com.yoopoon.cordova.plugin.alipay/libcrypto.a; sourceTree = "<group>"; };
		C11FDCFA61324094B0EDDD1D /* MD5DataSigner.h */ = {isa = PBXFileReference; explicitFileType = undefined; fileEncoding = 4; includeInIndex = 0; lastKnownFileType = sourcecode.c.h; name = MD5DataSigner.h; path = com.yoopoon.cordova.plugin.alipay/MD5DataSigner.h; sourceTree = "<group>"; };
		C169C83A5E6C4BFC9E518FEA /* CDVCompass.m */ = {isa = PBXFileReference; explicitFileType = undefined; fileEncoding = 4; includeInIndex = 0; lastKnownFileType = sourcecode.c.objc; name = CDVCompass.m; path = "cordova-plugin-device-orientation/CDVCompass.m"; sourceTree = "<group>"; };
		C59BE653C0F242A4944D9A6C /* CDVJpegHeaderWriter.h */ = {isa = PBXFileReference; explicitFileType = undefined; fileEncoding = 4; includeInIndex = 0; lastKnownFileType = sourcecode.c.h; name = CDVJpegHeaderWriter.h; path = "cordova-plugin-camera/CDVJpegHeaderWriter.h"; sourceTree = "<group>"; };
		C59D7198275547C5914680B1 /* srtp.h */ = {isa = PBXFileReference; explicitFileType = undefined; fileEncoding = 4; includeInIndex = 0; lastKnownFileType = sourcecode.c.h; name = srtp.h; path = com.yoopoon.cordova.plugin.alipay/openssl/srtp.h; sourceTree = "<group>"; };
		C70E53F8B6CF478A80E333ED /* md5.h */ = {isa = PBXFileReference; explicitFileType = undefined; fileEncoding = 4; includeInIndex = 0; lastKnownFileType = sourcecode.c.h; name = md5.h; path = com.yoopoon.cordova.plugin.alipay/openssl/md5.h; sourceTree = "<group>"; };
		C7426363565341BEBA4C6AF8 /* mdc2.h */ = {isa = PBXFileReference; explicitFileType = undefined; fileEncoding = 4; includeInIndex = 0; lastKnownFileType = sourcecode.c.h; name = mdc2.h; path = com.yoopoon.cordova.plugin.alipay/openssl/mdc2.h; sourceTree = "<group>"; };
		C94C9F68CB9943748A7005CF /* CDVCapture.bundle */ = {isa = PBXFileReference; explicitFileType = undefined; fileEncoding = 9; includeInIndex = 0; lastKnownFileType = "wrapper.plug-in"; path = CDVCapture.bundle; sourceTree = "<group>"; };
		CC3CB2C548B2453AADAC8003 /* cmac.h */ = {isa = PBXFileReference; explicitFileType = undefined; fileEncoding = 4; includeInIndex = 0; lastKnownFileType = sourcecode.c.h; name = cmac.h; path = com.yoopoon.cordova.plugin.alipay/openssl/cmac.h; sourceTree = "<group>"; };
		CFB59FE766164377BC22F8A4 /* CDVSplashScreen.h */ = {isa = PBXFileReference; explicitFileType = undefined; fileEncoding = 4; includeInIndex = 0; lastKnownFileType = sourcecode.c.h; name = CDVSplashScreen.h; path = "cordova-plugin-splashscreen/CDVSplashScreen.h"; sourceTree = "<group>"; };
		D17D9B62513D4671ABD90715 /* Security.framework */ = {isa = PBXFileReference; explicitFileType = undefined; fileEncoding = 9; includeInIndex = 0; lastKnownFileType = wrapper.framework; name = Security.framework; path = System/Library/Frameworks/Security.framework; sourceTree = SDKROOT; };
		D28BE8424ED346798337BACA /* evp.h */ = {isa = PBXFileReference; explicitFileType = undefined; fileEncoding = 4; includeInIndex = 0; lastKnownFileType = sourcecode.c.h; name = evp.h; path = com.yoopoon.cordova.plugin.alipay/openssl/evp.h; sourceTree = "<group>"; };
		D294560A5011486DAF0B7671 /* cast.h */ = {isa = PBXFileReference; explicitFileType = undefined; fileEncoding = 4; includeInIndex = 0; lastKnownFileType = sourcecode.c.h; name = cast.h; path = com.yoopoon.cordova.plugin.alipay/openssl/cast.h; sourceTree = "<group>"; };
		D753CEAB459344088C87355F /* AudioToolbox.framework */ = {isa = PBXFileReference; explicitFileType = undefined; fileEncoding = 9; includeInIndex = 0; lastKnownFileType = wrapper.framework; name = AudioToolbox.framework; path = System/Library/Frameworks/AudioToolbox.framework; sourceTree = SDKROOT; };
		D7FFBA935F3D4DA1BFFA812B /* CDVDevice.m */ = {isa = PBXFileReference; explicitFileType = undefined; fileEncoding = 4; includeInIndex = 0; lastKnownFileType = sourcecode.c.objc; name = CDVDevice.m; path = "cordova-plugin-device/CDVDevice.m"; sourceTree = "<group>"; };
		D82210E261A64CE28E4393A2 /* CDVInAppBrowser.h */ = {isa = PBXFileReference; explicitFileType = undefined; fileEncoding = 4; includeInIndex = 0; lastKnownFileType = sourcecode.c.h; name = CDVInAppBrowser.h; path = "cordova-plugin-inappbrowser/CDVInAppBrowser.h"; sourceTree = "<group>"; };
		D874F1E4D41242DA9D1264F5 /* DataVerifier.h */ = {isa = PBXFileReference; explicitFileType = undefined; fileEncoding = 4; includeInIndex = 0; lastKnownFileType = sourcecode.c.h; name = DataVerifier.h; path = com.yoopoon.cordova.plugin.alipay/DataVerifier.h; sourceTree = "<group>"; };
		D8A5FC276838472E89F20EBF /* stack.h */ = {isa = PBXFileReference; explicitFileType = undefined; fileEncoding = 4; includeInIndex = 0; lastKnownFileType = sourcecode.c.h; name = stack.h; path = com.yoopoon.cordova.plugin.alipay/openssl/stack.h; sourceTree = "<group>"; };
		DAB7D7415DCF4E9BB3692173 /* AddressBookUI.framework */ = {isa = PBXFileReference; explicitFileType = undefined; fileEncoding = 9; includeInIndex = 0; lastKnownFileType = wrapper.framework; name = AddressBookUI.framework; path = System/Library/Frameworks/AddressBookUI.framework; sourceTree = SDKROOT; };
		DACFF78549674D9286BC67A9 /* x509v3.h */ = {isa = PBXFileReference; explicitFileType = undefined; fileEncoding = 4; includeInIndex = 0; lastKnownFileType = sourcecode.c.h; name = x509v3.h; path = com.yoopoon.cordova.plugin.alipay/openssl/x509v3.h; sourceTree = "<group>"; };
		DB3F34A1191E46FAB0A4067C /* CoreLocation.framework */ = {isa = PBXFileReference; explicitFileType = undefined; fileEncoding = 9; includeInIndex = 0; lastKnownFileType = wrapper.framework; name = CoreLocation.framework; path = System/Library/Frameworks/CoreLocation.framework; sourceTree = SDKROOT; };
		DCE8ECB1DE44485A93093AD7 /* ssl3.h */ = {isa = PBXFileReference; explicitFileType = undefined; fileEncoding = 4; includeInIndex = 0; lastKnownFileType = sourcecode.c.h; name = ssl3.h; path = com.yoopoon.cordova.plugin.alipay/openssl/ssl3.h; sourceTree = "<group>"; };
		DD7ADA85F0CA4BBAAAA226CC /* CDVLocation.h */ = {isa = PBXFileReference; explicitFileType = undefined; fileEncoding = 4; includeInIndex = 0; lastKnownFileType = sourcecode.c.h; name = CDVLocation.h; path = "cordova-plugin-geolocation/CDVLocation.h"; sourceTree = "<group>"; };
		DEFBB3E87A5A451DB4AF918A /* CDVViewController+SplashScreen.m */ = {isa = PBXFileReference; explicitFileType = undefined; fileEncoding = 4; includeInIndex = 0; lastKnownFileType = sourcecode.c.objc; name = "CDVViewController+SplashScreen.m"; path = "cordova-plugin-splashscreen/CDVViewController+SplashScreen.m"; sourceTree = "<group>"; };
		E04E3367C7B6445B87A164C9 /* des.h */ = {isa = PBXFileReference; explicitFileType = undefined; fileEncoding = 4; includeInIndex = 0; lastKnownFileType = sourcecode.c.h; name = des.h; path = com.yoopoon.cordova.plugin.alipay/openssl/des.h; sourceTree = "<group>"; };
		E297761E72A34CB9BCE931D2 /* Order.h */ = {isa = PBXFileReference; explicitFileType = undefined; fileEncoding = 4; includeInIndex = 0; lastKnownFileType = sourcecode.c.h; name = Order.h; path = com.yoopoon.cordova.plugin.alipay/Order.h; sourceTree = "<group>"; };
		E83216B6BCE94F1382AAC8DB /* CDVJpegHeaderWriter.m */ = {isa = PBXFileReference; explicitFileType = undefined; fileEncoding = 4; includeInIndex = 0; lastKnownFileType = sourcecode.c.objc; name = CDVJpegHeaderWriter.m; path = "cordova-plugin-camera/CDVJpegHeaderWriter.m"; sourceTree = "<group>"; };
		E856DB3641894926BBA6063B /* e_os2.h */ = {isa = PBXFileReference; explicitFileType = undefined; fileEncoding = 4; includeInIndex = 0; lastKnownFileType = sourcecode.c.h; name = e_os2.h; path = com.yoopoon.cordova.plugin.alipay/openssl/e_os2.h; sourceTree = "<group>"; };
		EB87FDF31871DA8E0020F90C /* www */ = {isa = PBXFileReference; lastKnownFileType = folder; name = www; path = ../../www; sourceTree = "<group>"; };
		EB87FDF41871DAF40020F90C /* config.xml */ = {isa = PBXFileReference; lastKnownFileType = text.xml; name = config.xml; path = ../../config.xml; sourceTree = "<group>"; };
		EC72760577FC4CA292DF1FE9 /* blowfish.h */ = {isa = PBXFileReference; explicitFileType = undefined; fileEncoding = 4; includeInIndex = 0; lastKnownFileType = sourcecode.c.h; name = blowfish.h; path = com.yoopoon.cordova.plugin.alipay/openssl/blowfish.h; sourceTree = "<group>"; };
		ED33DF2A687741AEAF9F8254 /* Bridging-Header.h */ = {isa = PBXFileReference; fileEncoding = 4; lastKnownFileType = sourcecode.c.h; path = "Bridging-Header.h"; sourceTree = "<group>"; };
		EF7EB343F6FE4E1E867660D7 /* sha.h */ = {isa = PBXFileReference; explicitFileType = undefined; fileEncoding = 4; includeInIndex = 0; lastKnownFileType = sourcecode.c.h; name = sha.h; path = com.yoopoon.cordova.plugin.alipay/openssl/sha.h; sourceTree = "<group>"; };
		F04A65A0FB424E0BB4E7BBA1 /* CDVSound.h */ = {isa = PBXFileReference; explicitFileType = undefined; fileEncoding = 4; includeInIndex = 0; lastKnownFileType = sourcecode.c.h; name = CDVSound.h; path = "cordova-plugin-media/CDVSound.h"; sourceTree = "<group>"; };
		F3EB341A41CE499F96CAB379 /* pem2.h */ = {isa = PBXFileReference; explicitFileType = undefined; fileEncoding = 4; includeInIndex = 0; lastKnownFileType = sourcecode.c.h; name = pem2.h; path = com.yoopoon.cordova.plugin.alipay/openssl/pem2.h; sourceTree = "<group>"; };
		F45FA60BD6DA43789286DDE1 /* dso.h */ = {isa = PBXFileReference; explicitFileType = undefined; fileEncoding = 4; includeInIndex = 0; lastKnownFileType = sourcecode.c.h; name = dso.h; path = com.yoopoon.cordova.plugin.alipay/openssl/dso.h; sourceTree = "<group>"; };
		F5CBFB191CBD4D01832631A5 /* x509.h */ = {isa = PBXFileReference; explicitFileType = undefined; fileEncoding = 4; includeInIndex = 0; lastKnownFileType = sourcecode.c.h; name = x509.h; path = com.yoopoon.cordova.plugin.alipay/openssl/x509.h; sourceTree = "<group>"; };
		F7218004B2044458836BE717 /* kssl.h */ = {isa = PBXFileReference; explicitFileType = undefined; fileEncoding = 4; includeInIndex = 0; lastKnownFileType = sourcecode.c.h; name = kssl.h; path = com.yoopoon.cordova.plugin.alipay/openssl/kssl.h; sourceTree = "<group>"; };
		F7D5A9616ED24019B0DD080D /* aes.h */ = {isa = PBXFileReference; explicitFileType = undefined; fileEncoding = 4; includeInIndex = 0; lastKnownFileType = sourcecode.c.h; name = aes.h; path = com.yoopoon.cordova.plugin.alipay/openssl/aes.h; sourceTree = "<group>"; };
		F7F8FE43B85C443C8C9D87C6 /* libc++.tbd */ = {isa = PBXFileReference; explicitFileType = undefined; fileEncoding = 9; includeInIndex = 0; lastKnownFileType = "sourcecode.text-based-dylib-definition"; name = "libc++.tbd"; path = "usr/lib/libc++.tbd"; sourceTree = SDKROOT; };
		F840E1F0165FE0F500CFE078 /* config.xml */ = {isa = PBXFileReference; lastKnownFileType = text.xml; name = config.xml; path = cordovaDemo/config.xml; sourceTree = "<group>"; };
		FA6A3BF3B7704296A30DFE17 /* DataSigner.h */ = {isa = PBXFileReference; explicitFileType = undefined; fileEncoding = 4; includeInIndex = 0; lastKnownFileType = sourcecode.c.h; name = DataSigner.h; path = com.yoopoon.cordova.plugin.alipay/DataSigner.h; sourceTree = "<group>"; };
		FB792A03B08D41E4A43A82D0 /* conf_api.h */ = {isa = PBXFileReference; explicitFileType = undefined; fileEncoding = 4; includeInIndex = 0; lastKnownFileType = sourcecode.c.h; name = conf_api.h; path = com.yoopoon.cordova.plugin.alipay/openssl/conf_api.h; sourceTree = "<group>"; };
		FBAD48F8DF104FA288DA3F8F /* CDVViewController+SplashScreen.h */ = {isa = PBXFileReference; explicitFileType = undefined; fileEncoding = 4; includeInIndex = 0; lastKnownFileType = sourcecode.c.h; name = "CDVViewController+SplashScreen.h"; path = "cordova-plugin-splashscreen/CDVViewController+SplashScreen.h"; sourceTree = "<group>"; };
		FC00C69FE1B846D5AFEC62DB /* err.h */ = {isa = PBXFileReference; explicitFileType = undefined; fileEncoding = 4; includeInIndex = 0; lastKnownFileType = sourcecode.c.h; name = err.h; path = com.yoopoon.cordova.plugin.alipay/openssl/err.h; sourceTree = "<group>"; };
		FC8FFA7937114212A9B100EC /* pkcs12.h */ = {isa = PBXFileReference; explicitFileType = undefined; fileEncoding = 4; includeInIndex = 0; lastKnownFileType = sourcecode.c.h; name = pkcs12.h; path = com.yoopoon.cordova.plugin.alipay/openssl/pkcs12.h; sourceTree = "<group>"; };
		FD0407D89F094737B9DCF370 /* lhash.h */ = {isa = PBXFileReference; explicitFileType = undefined; fileEncoding = 4; includeInIndex = 0; lastKnownFileType = sourcecode.c.h; name = lhash.h; path = com.yoopoon.cordova.plugin.alipay/openssl/lhash.h; sourceTree = "<group>"; };
		FDA4591F7ACE4E33B226C957 /* CDVLocalFilesystem.h */ = {isa = PBXFileReference; explicitFileType = undefined; fileEncoding = 4; includeInIndex = 0; lastKnownFileType = sourcecode.c.h; name = CDVLocalFilesystem.h; path = "cordova-plugin-file/CDVLocalFilesystem.h"; sourceTree = "<group>"; };
		FEE0F6DC800B47AA9922CAE5 /* CDVNotification.h */ = {isa = PBXFileReference; explicitFileType = undefined; fileEncoding = 4; includeInIndex = 0; lastKnownFileType = sourcecode.c.h; name = CDVNotification.h; path = "cordova-plugin-dialogs/CDVNotification.h"; sourceTree = "<group>"; };
		FF71FE7AB9504AFF93F79885 /* RSADataVerifier.h */ = {isa = PBXFileReference; explicitFileType = undefined; fileEncoding = 4; includeInIndex = 0; lastKnownFileType = sourcecode.c.h; name = RSADataVerifier.h; path = com.yoopoon.cordova.plugin.alipay/RSADataVerifier.h; sourceTree = "<group>"; };
		7D6F52C6EC654055B9E0C080 /* CDVWechat.m */ = {isa = PBXFileReference; name = "CDVWechat.m"; path = "cordova-plugin-wechat/CDVWechat.m"; sourceTree = "<group>"; fileEncoding = 4; lastKnownFileType = sourcecode.c.objc; explicitFileType = undefined; includeInIndex = 0; };
		BB288B2960E74F1EA11AC2E3 /* libWeChatSDK.a */ = {isa = PBXFileReference; name = "libWeChatSDK.a"; path = "cordovaDemo/Plugins/cordova-plugin-wechat/libWeChatSDK.a"; sourceTree = "<group>"; fileEncoding = undefined; lastKnownFileType = archive.ar; explicitFileType = undefined; includeInIndex = 0; };
		8624BB7570054DCB861ADC24 /* CDVWechat.h */ = {isa = PBXFileReference; name = "CDVWechat.h"; path = "cordova-plugin-wechat/CDVWechat.h"; sourceTree = "<group>"; fileEncoding = 4; lastKnownFileType = sourcecode.c.h; explicitFileType = undefined; includeInIndex = 0; };
		571C13902F3B4221A9D6445C /* WXApi.h */ = {isa = PBXFileReference; name = "WXApi.h"; path = "cordova-plugin-wechat/WXApi.h"; sourceTree = "<group>"; fileEncoding = 4; lastKnownFileType = sourcecode.c.h; explicitFileType = undefined; includeInIndex = 0; };
		6874790FE6634558BE834340 /* WXApiObject.h */ = {isa = PBXFileReference; name = "WXApiObject.h"; path = "cordova-plugin-wechat/WXApiObject.h"; sourceTree = "<group>"; fileEncoding = 4; lastKnownFileType = sourcecode.c.h; explicitFileType = undefined; includeInIndex = 0; };
		C2C7176DB47042A082F10CCD /* CFNetwork.framework */ = {isa = PBXFileReference; name = "CFNetwork.framework"; path = "System/Library/Frameworks/CFNetwork.framework"; sourceTree = SDKROOT; fileEncoding = undefined; lastKnownFileType = wrapper.framework; explicitFileType = undefined; includeInIndex = 0; };
		7187C9FF312547E58B927E5B /* libstdc++.6.tbd */ = {isa = PBXFileReference; name = "libstdc++.6.tbd"; path = "usr/lib/libstdc++.6.tbd"; sourceTree = SDKROOT; fileEncoding = undefined; lastKnownFileType = sourcecode.text-based-dylib-definition; explicitFileType = undefined; includeInIndex = 0; };
/* End PBXFileReference section */

/* Begin PBXFrameworksBuildPhase section */
		1D60588F0D05DD3D006BFB54 /* Frameworks */ = {
			isa = PBXFrameworksBuildPhase;
			buildActionMask = 2147483647;
			files = (
				301BF552109A68D80062928A /* libCordova.a in Frameworks */,
				136AA93A1F024904B4669B7A /* AddressBook.framework in Frameworks */,
				E8AC1EB3E11E483EBAF4D6FF /* AddressBookUI.framework in Frameworks */,
				30F51049F697485F9C2C48DF /* ImageIO.framework in Frameworks */,
				1CA0B476A009440D8AFF05CD /* CoreLocation.framework in Frameworks */,
				8D5385390EC34B4FA9F1C0BB /* AVFoundation.framework in Frameworks */,
				115ABD00FB364850B1964717 /* AudioToolbox.framework in Frameworks */,
				DD1D6E5923C84899881CA981 /* libz.tbd in Frameworks */,
				3D9529EC618E4CEE954A9C5A /* CoreMotion.framework in Frameworks */,
				E75516323937462684A9D2CA /* SystemConfiguration.framework in Frameworks */,
				7A24FE9C3DBC4C4D831677C5 /* CoreTelephony.framework in Frameworks */,
				B8A655364DBF4030A7DC32E1 /* libcrypto.a in Frameworks */,
				2F3129AF30DB4916B35EE82A /* libssl.a in Frameworks */,
				66D5D9CD0488449EAA9BAD92 /* libsqlite3.0.tbd in Frameworks */,
				C54D609D018F4481812D738C /* libz.1.2.5.tbd in Frameworks */,
				2DEAFB3BF3B2419E8EFAD8D7 /* Security.framework in Frameworks */,
				A07C4E235E4540CD8352D56B /* libstdc++.6.0.9.tbd in Frameworks */,
				46600FC5BD734832BE323CBF /* libc++.tbd in Frameworks */,
				039F68BDBBE043878DE390FC /* AlipaySDK.framework in Frameworks */,
				DE1ACBD0906948A784D93731 /* libWeChatSDK.a in Frameworks */,
				8D2B5CEA14634BA78C571B10 /* CFNetwork.framework in Frameworks */,
				FCCC6853B7FF426C8ADBE355 /* libstdc++.6.tbd in Frameworks */,
			);
			runOnlyForDeploymentPostprocessing = 0;
		};
/* End PBXFrameworksBuildPhase section */

/* Begin PBXGroup section */
		080E96DDFE201D6D7F000001 /* Classes */ = {
			isa = PBXGroup;
			children = (
				302D95EE14D2391D003F00A1 /* MainViewController.h */,
				302D95EF14D2391D003F00A1 /* MainViewController.m */,
				302D95F014D2391D003F00A1 /* MainViewController.xib */,
				1D3623240D0F684500981E51 /* AppDelegate.h */,
				1D3623250D0F684500981E51 /* AppDelegate.m */,
			);
			name = Classes;
			path = cordovaDemo/Classes;
			sourceTree = SOURCE_ROOT;
		};
		19C28FACFE9D520D11CA2CBB /* Products */ = {
			isa = PBXGroup;
			children = (
				1D6058910D05DD3D006BFB54 /* cordovaDemo.app */,
			);
			name = Products;
			sourceTree = "<group>";
		};
		29B97314FDCFA39411CA2CEA /* CustomTemplate */ = {
			isa = PBXGroup;
			children = (
				EB87FDF41871DAF40020F90C /* config.xml */,
				EB87FDF31871DA8E0020F90C /* www */,
				EB87FDF11871DA420020F90C /* Staging */,
				301BF52D109A57CC0062928A /* CordovaLib.xcodeproj */,
				080E96DDFE201D6D7F000001 /* Classes */,
				307C750510C5A3420062BCA9 /* Plugins */,
				29B97315FDCFA39411CA2CEA /* Other Sources */,
				29B97317FDCFA39411CA2CEA /* Resources */,
				29B97323FDCFA39411CA2CEA /* Frameworks */,
				19C28FACFE9D520D11CA2CBB /* Products */,
			);
			name = CustomTemplate;
			sourceTree = "<group>";
		};
		29B97315FDCFA39411CA2CEA /* Other Sources */ = {
			isa = PBXGroup;
			children = (
				32CA4F630368D1EE00C91783 /* cordovaDemo-Prefix.pch */,
				29B97316FDCFA39411CA2CEA /* main.m */,
				ED33DF2A687741AEAF9F8254 /* Bridging-Header.h */,
			);
			name = "Other Sources";
			path = cordovaDemo;
			sourceTree = "<group>";
		};
		29B97317FDCFA39411CA2CEA /* Resources */ = {
			isa = PBXGroup;
			children = (
				0207DA571B56EA530066E2B4 /* Images.xcassets */,
				3047A50E1AB8057F00498E2A /* config */,
				8D1107310486CEB800E47090 /* cordovaDemo-Info.plist */,
				6AFF5BF81D6E424B00AB3073 /* CDVLaunchScreen.storyboard */,
				093DCFFA53C3442E9ABFE882 /* CDVNotification.bundle */,
				C94C9F68CB9943748A7005CF /* CDVCapture.bundle */,
				83EF17EF22CF42BE989D33A2 /* AlipaySDK.bundle */,
			);
			name = Resources;
			path = cordovaDemo/Resources;
			sourceTree = "<group>";
		};
		29B97323FDCFA39411CA2CEA /* Frameworks */ = {
			isa = PBXGroup;
			children = (
				395C92C8C6A24243B69B5819 /* AddressBook.framework */,
				DAB7D7415DCF4E9BB3692173 /* AddressBookUI.framework */,
				85F2DD150EBE4F9DB7C8A8FB /* ImageIO.framework */,
				DB3F34A1191E46FAB0A4067C /* CoreLocation.framework */,
				25E1CD7908DC4FF49DF762B1 /* AVFoundation.framework */,
				D753CEAB459344088C87355F /* AudioToolbox.framework */,
				9713A02930ED43DD9BE68E9F /* libz.tbd */,
				B0AED0E0CE76402BB3B1C267 /* CoreMotion.framework */,
				90263DD7A92B49D196D21B71 /* SystemConfiguration.framework */,
				A13CB47EA2474BD6AE15F617 /* CoreTelephony.framework */,
				C0E6F77F609941E1B7CDED76 /* libcrypto.a */,
				4B46E75E436849E991201FFD /* libssl.a */,
				7BCBA1B9DE9A40339EFFE21F /* libsqlite3.0.tbd */,
				6EB86C120D3249BE92AF7791 /* libz.1.2.5.tbd */,
				D17D9B62513D4671ABD90715 /* Security.framework */,
				B8771BAFB3A1408A9AE3FEFE /* libstdc++.6.0.9.tbd */,
				F7F8FE43B85C443C8C9D87C6 /* libc++.tbd */,
				1C9227CA9C844CE4BAA4B899 /* AlipaySDK.framework */,
				BB288B2960E74F1EA11AC2E3 /* libWeChatSDK.a */,
				C2C7176DB47042A082F10CCD /* CFNetwork.framework */,
				7187C9FF312547E58B927E5B /* libstdc++.6.tbd */,
			);
			name = Frameworks;
			sourceTree = "<group>";
		};
		301BF52E109A57CC0062928A /* Products */ = {
			isa = PBXGroup;
			children = (
				301BF535109A57CC0062928A /* libCordova.a */,
			);
			name = Products;
			sourceTree = "<group>";
		};
		3047A50E1AB8057F00498E2A /* config */ = {
			isa = PBXGroup;
			children = (
				3047A50F1AB8059700498E2A /* build-debug.xcconfig */,
				3047A5101AB8059700498E2A /* build-release.xcconfig */,
				3047A5111AB8059700498E2A /* build.xcconfig */,
			);
			name = config;
			sourceTree = "<group>";
		};
		307C750510C5A3420062BCA9 /* Plugins */ = {
			isa = PBXGroup;
			children = (
				65352BF460AB436BB3CFDF9F /* CDVLogger.m */,
				0E2D3B0C535A48799320E93A /* CDVLogger.h */,
				49AF9E9D865D412092740D8F /* CDVContacts.m */,
				8CD2C5E951E64E1794163C4C /* CDVContact.m */,
				A95C6BB988964305821E07EE /* CDVContacts.h */,
				0C3EE48A6835462D9AD7A9A8 /* CDVContact.h */,
				8ED5C6E9506749C8A33DB9BA /* CDVBattery.m */,
				A8E9B8E8707C40D297E250CA /* CDVBattery.h */,
				4D1D759525A6487587BCE654 /* UIImage+CropScaleOrientation.m */,
				89AB5084F63142AEA7F7A24B /* CDVCamera.m */,
				E83216B6BCE94F1382AAC8DB /* CDVJpegHeaderWriter.m */,
				11BFED8868F741FBA56D6B78 /* UIImage+CropScaleOrientation.h */,
				B863897ACEEB449F9ACC05E9 /* CDVCamera.h */,
				C59BE653C0F242A4944D9A6C /* CDVJpegHeaderWriter.h */,
				8B4A0AA699D54FD9A4C93421 /* CDVExif.h */,
				01BDB8D0C5334C2580009F31 /* CDVNotification.m */,
				FEE0F6DC800B47AA9922CAE5 /* CDVNotification.h */,
				D7FFBA935F3D4DA1BFFA812B /* CDVDevice.m */,
				4131EA4A712B452198B4A8BB /* CDVDevice.h */,
				650EC59E2E9B48A19342DE30 /* CDVAccelerometer.m */,
				818E4298584A433FA73EB189 /* CDVAccelerometer.h */,
				C169C83A5E6C4BFC9E518FEA /* CDVCompass.m */,
				16E1A270E1B54C0A9D5568BE /* CDVCompass.h */,
				7E1E633847C1496D8FFF09D5 /* CDVFile.m */,
				75C998D219034CB0BA555C25 /* CDVLocalFilesystem.m */,
				B78DA84858534490B6AAA6C0 /* CDVAssetLibraryFilesystem.m */,
				97C432DE6A984ECDAD18A49A /* CDVFile.h */,
				FDA4591F7ACE4E33B226C957 /* CDVLocalFilesystem.h */,
				9AEEB88C3D7A455CB5C651AD /* CDVAssetLibraryFilesystem.h */,
				731B2A6D9FA24C5EB200C4EF /* CDVFileTransfer.m */,
				6C90F87D890E4E3EA3A6E2CB /* CDVFileTransfer.h */,
				9C113D92449146DBB81DCD73 /* CDVLocation.m */,
				DD7ADA85F0CA4BBAAAA226CC /* CDVLocation.h */,
				C0B9179B428E495EA8D3F830 /* CDVGlobalization.m */,
				2BA7D121A8234C63A2CF7914 /* CDVGlobalization.h */,
				76AC0D599E8D4B3093F8B2C8 /* CDVInAppBrowser.m */,
				D82210E261A64CE28E4393A2 /* CDVInAppBrowser.h */,
				682901C3AAE64C0CBBAABF26 /* CDVSound.m */,
				F04A65A0FB424E0BB4E7BBA1 /* CDVSound.h */,
				0CC916704DDE4DE1A48B27B6 /* CDVCapture.m */,
				718228C0EAF24B66BAD64490 /* CDVCapture.h */,
				1D27A23212744AEDA391063D /* CDVConnection.m */,
				493CF2A0A7834DBCA7CBE320 /* CDVReachability.m */,
				AA365B13628540DFBD37CB63 /* CDVConnection.h */,
				49FCDB0D4BAB4AE08FD8932A /* CDVReachability.h */,
				B7753415B804400181F09F45 /* CDVSplashScreen.m */,
				DEFBB3E87A5A451DB4AF918A /* CDVViewController+SplashScreen.m */,
				CFB59FE766164377BC22F8A4 /* CDVSplashScreen.h */,
				FBAD48F8DF104FA288DA3F8F /* CDVViewController+SplashScreen.h */,
				4D74926D039E4679918087B6 /* CDVVibration.m */,
				4ADD7F96411246F897928FD1 /* CDVVibration.h */,
				16C23AD52E8F4409B277F302 /* CDVStatusBar.m */,
				111484F296C04BD2B278F5DB /* CDVStatusBar.h */,
				3E361B215F8C4E2883107E8A /* CDVAlipay.m */,
				9BAB8F23422A400C80ACBBE0 /* Order.m */,
				113CBF61B4A64D55950589BB /* base64.m */,
				196767573BFC4333B50C75B1 /* DataSigner.m */,
				AAEEDEC6F0384A4B9F1E9A2B /* DataVerifier.m */,
				2FE7C50D593C4FFA857E8026 /* MD5DataSigner.m */,
				69CFA891C837444EB8EC5493 /* NSDataEx.m */,
				87FA73CD05C34655A0A08E51 /* openssl_wrapper.m */,
				B453EF7BD6F14817BA926432 /* RSADataSigner.m */,
				408EB4A9881C417896C38921 /* RSADataVerifier.m */,
				9BEFD7CF84894C5583FE3B49 /* CDVAlipay.h */,
				E297761E72A34CB9BCE931D2 /* Order.h */,
				F7D5A9616ED24019B0DD080D /* aes.h */,
				B21122A0B74E49FE997B783C /* asn1_mac.h */,
				0440867F43414427BF93047C /* asn1.h */,
				ABD26CAD5ABD4064963F769D /* asn1t.h */,
				AFCD59CA005C497780740E33 /* bio.h */,
				EC72760577FC4CA292DF1FE9 /* blowfish.h */,
				BF1416EBA79F40E0A5A49232 /* bn.h */,
				65CE3E5965EE45A494F575C8 /* buffer.h */,
				A2514C4E17754B5884765E8F /* camellia.h */,
				D294560A5011486DAF0B7671 /* cast.h */,
				CC3CB2C548B2453AADAC8003 /* cmac.h */,
				2AA1E36F34194E9695A42487 /* cms.h */,
				ACF4B3871FCD45C4BDAE4CA2 /* comp.h */,
				FB792A03B08D41E4A43A82D0 /* conf_api.h */,
				2D13E6F536B34E069FA69958 /* conf.h */,
				8E441E8102CC4A139F3C4D3B /* crypto.h */,
				778DE0BEBD954AE4945B8471 /* des_old.h */,
				E04E3367C7B6445B87A164C9 /* des.h */,
				84A84E4A9E3047F08480B6E8 /* dh.h */,
				010D56079563411888C2F92C /* dsa.h */,
				F45FA60BD6DA43789286DDE1 /* dso.h */,
				55BF87E74EA342A4B48AA009 /* dtls1.h */,
				E856DB3641894926BBA6063B /* e_os2.h */,
				771C1E8DF83C4BCEA5ABD9E5 /* ebcdic.h */,
				B9A2E17E7DE04570B118685B /* ec.h */,
				0F40ED690ADA4C13B877CC6E /* ecdh.h */,
				AA3F0EFB751F4DD1BA045648 /* ecdsa.h */,
				98ED97C4E53A492D92CF5147 /* engine.h */,
				FC00C69FE1B846D5AFEC62DB /* err.h */,
				D28BE8424ED346798337BACA /* evp.h */,
				840468F78C994055A779A765 /* hmac.h */,
				1970FE9FAF2A4FE5B11D0FF7 /* idea.h */,
				164CAEA7CF93499BA99F996E /* krb5_asn.h */,
				F7218004B2044458836BE717 /* kssl.h */,
				FD0407D89F094737B9DCF370 /* lhash.h */,
				9CDAA6E182604FCA9C5AD418 /* md4.h */,
				C70E53F8B6CF478A80E333ED /* md5.h */,
				C7426363565341BEBA4C6AF8 /* mdc2.h */,
				87BBCA64A8CB4A72B8677611 /* modes.h */,
				A9C175875FFC4844914F8AFB /* obj_mac.h */,
				7F913A67CF3C49E9926474FD /* objects.h */,
				09AA50853E2E4A139DF9F583 /* ocsp.h */,
				367B62DBEA7E4F1392315F6C /* opensslconf.h */,
				704EDDE282C54C58B1C6925A /* opensslv.h */,
				B0770813507D42A2B28CC012 /* ossl_typ.h */,
				4800F640DC314777AA64A865 /* pem.h */,
				F3EB341A41CE499F96CAB379 /* pem2.h */,
				FC8FFA7937114212A9B100EC /* pkcs12.h */,
				20837F7E0DC142CE8C2B98CA /* pkcs7.h */,
				871DD476B2B348DFBDA2916A /* pqueue.h */,
				57524E593AE64F1299B9F0BA /* rand.h */,
				3393049DA8BC4890ACEBBEEA /* rc2.h */,
				07B58AFC13EF4ADFA26C2510 /* rc4.h */,
				3B5987BE2E9F47979CBA66B7 /* ripemd.h */,
				7F237FC95BD841E4A6B8C0EB /* rsa.h */,
				B345A2AD32074A5FBF8745D9 /* safestack.h */,
				2A68CE155F0545C0948FD361 /* seed.h */,
				EF7EB343F6FE4E1E867660D7 /* sha.h */,
				B83C312198574E45840037D6 /* srp.h */,
				C59D7198275547C5914680B1 /* srtp.h */,
				048FC262FBD8457CA80E0278 /* ssl.h */,
				B195E99198A94A59B354C2E1 /* ssl2.h */,
				AB2E32AAB17B4C609EB3F8CB /* ssl23.h */,
				DCE8ECB1DE44485A93093AD7 /* ssl3.h */,
				D8A5FC276838472E89F20EBF /* stack.h */,
				3CBFEED73D1F40788C6F38CF /* symhacks.h */,
				02DCC2A3F17245C9A39B9410 /* tls1.h */,
				8013D588A450440D8B7F406C /* ts.h */,
				06F3F240927449DEAE890C16 /* txt_db.h */,
				A57244A0DB6941AA978BEFD4 /* ui_compat.h */,
				C09C60BEE84043A3B4EFB369 /* ui.h */,
				5DFE48F4270D48E3A305AEB3 /* whrlpool.h */,
				4B76AD9E9F624F7FBDDF9E3D /* x509_vfy.h */,
				F5CBFB191CBD4D01832631A5 /* x509.h */,
				DACFF78549674D9286BC67A9 /* x509v3.h */,
				5430244BA1B9435ABE0B915F /* base64.h */,
				5B1072D0C4444A1884BDFCC4 /* config.h */,
				FA6A3BF3B7704296A30DFE17 /* DataSigner.h */,
				D874F1E4D41242DA9D1264F5 /* DataVerifier.h */,
				C11FDCFA61324094B0EDDD1D /* MD5DataSigner.h */,
				9284C87C74CC4FBB86DAE82E /* NSDataEx.h */,
				47F3908D93224E07858E8E58 /* openssl_wrapper.h */,
				AD70525335734D3498AD57E0 /* RSADataSigner.h */,
				FF71FE7AB9504AFF93F79885 /* RSADataVerifier.h */,
				7D6F52C6EC654055B9E0C080 /* CDVWechat.m */,
				8624BB7570054DCB861ADC24 /* CDVWechat.h */,
				571C13902F3B4221A9D6445C /* WXApi.h */,
				6874790FE6634558BE834340 /* WXApiObject.h */,
			);
			name = Plugins;
			path = cordovaDemo/Plugins;
			sourceTree = SOURCE_ROOT;
		};
		EB87FDF11871DA420020F90C /* Staging */ = {
			isa = PBXGroup;
			children = (
				F840E1F0165FE0F500CFE078 /* config.xml */,
				301BF56E109A69640062928A /* www */,
			);
			name = Staging;
			sourceTree = "<group>";
		};
/* End PBXGroup section */

/* Begin PBXNativeTarget section */
		1D6058900D05DD3D006BFB54 /* cordovaDemo */ = {
			isa = PBXNativeTarget;
			buildConfigurationList = 1D6058960D05DD3E006BFB54 /* Build configuration list for PBXNativeTarget "cordovaDemo" */;
			buildPhases = (
				304B58A110DAC018002A0835 /* Copy www directory */,
				1D60588D0D05DD3D006BFB54 /* Resources */,
				1D60588E0D05DD3D006BFB54 /* Sources */,
				1D60588F0D05DD3D006BFB54 /* Frameworks */,
			);
			buildRules = (
			);
			dependencies = (
				301BF551109A68C00062928A /* PBXTargetDependency */,
			);
			name = cordovaDemo;
			productName = cordovaDemo;
			productReference = 1D6058910D05DD3D006BFB54 /* cordovaDemo.app */;
			productType = "com.apple.product-type.application";
		};
/* End PBXNativeTarget section */

/* Begin PBXProject section */
		29B97313FDCFA39411CA2CEA /* Project object */ = {
			isa = PBXProject;
			attributes = {
				LastUpgradeCheck = 510;
				TargetAttributes = {
					1D6058900D05DD3D006BFB54 = {
						DevelopmentTeam = X9673663N7;
						SystemCapabilities = {
							com.apple.BackgroundModes = {
								enabled = 1;
							};
						};
					};
				};
			};
			buildConfigurationList = C01FCF4E08A954540054247B /* Build configuration list for PBXProject "cordovaDemo" */;
			compatibilityVersion = "Xcode 3.2";
			developmentRegion = English;
			hasScannedForEncodings = 1;
			knownRegions = (
				en,
			);
			mainGroup = 29B97314FDCFA39411CA2CEA /* CustomTemplate */;
			projectDirPath = "";
			projectReferences = (
				{
					ProductGroup = 301BF52E109A57CC0062928A /* Products */;
					ProjectRef = 301BF52D109A57CC0062928A /* CordovaLib.xcodeproj */;
				},
			);
			projectRoot = "";
			targets = (
				1D6058900D05DD3D006BFB54 /* cordovaDemo */,
			);
		};
/* End PBXProject section */

/* Begin PBXReferenceProxy section */
		301BF535109A57CC0062928A /* libCordova.a */ = {
			isa = PBXReferenceProxy;
			fileType = archive.ar;
			path = libCordova.a;
			remoteRef = 301BF534109A57CC0062928A /* PBXContainerItemProxy */;
			sourceTree = BUILT_PRODUCTS_DIR;
		};
/* End PBXReferenceProxy section */

/* Begin PBXResourcesBuildPhase section */
		1D60588D0D05DD3D006BFB54 /* Resources */ = {
			isa = PBXResourcesBuildPhase;
			buildActionMask = 2147483647;
			files = (
				302D95F214D2391D003F00A1 /* MainViewController.xib in Resources */,
				0207DA581B56EA530066E2B4 /* Images.xcassets in Resources */,
				6AFF5BF91D6E424B00AB3073 /* CDVLaunchScreen.storyboard in Resources */,
				7303EBD9343245BCB2B1BA22 /* CDVNotification.bundle in Resources */,
				F7F4B807BBD44DF29CCF5B8E /* CDVCapture.bundle in Resources */,
				17F662F92CE84AB380ECD2AC /* AlipaySDK.bundle in Resources */,
			);
			runOnlyForDeploymentPostprocessing = 0;
		};
/* End PBXResourcesBuildPhase section */

/* Begin PBXShellScriptBuildPhase section */
		304B58A110DAC018002A0835 /* Copy www directory */ = {
			isa = PBXShellScriptBuildPhase;
			buildActionMask = 2147483647;
			files = (
			);
			inputPaths = (
			);
			name = "Copy www directory";
			outputPaths = (
			);
			runOnlyForDeploymentPostprocessing = 0;
			shellPath = /bin/sh;
			shellScript = "NODEJS_PATH=/usr/local/bin; NVM_NODE_PATH=~/.nvm/versions/node/`nvm version 2>/dev/null`/bin; N_NODE_PATH=`find /usr/local/n/versions/node/* -maxdepth 0 -type d 2>/dev/null | tail -1`/bin; XCODE_NODE_PATH=`xcode-select --print-path`/usr/share/xcs/Node/bin; PATH=$NODEJS_PATH:$NVM_NODE_PATH:$N_NODE_PATH:$XCODE_NODE_PATH:$PATH && node cordova/lib/copy-www-build-step.js";
			showEnvVarsInLog = 0;
		};
/* End PBXShellScriptBuildPhase section */

/* Begin PBXSourcesBuildPhase section */
		1D60588E0D05DD3D006BFB54 /* Sources */ = {
			isa = PBXSourcesBuildPhase;
			buildActionMask = 2147483647;
			files = (
				1D60589B0D05DD56006BFB54 /* main.m in Sources */,
				1D3623260D0F684500981E51 /* AppDelegate.m in Sources */,
				302D95F114D2391D003F00A1 /* MainViewController.m in Sources */,
				AAB4DF92651A4C5FA98F9371 /* CDVLogger.m in Sources */,
				99B2A4990BA848D792C72B97 /* CDVContacts.m in Sources */,
				25E885CF74E24F0988C756C5 /* CDVContact.m in Sources */,
				D97B6CDD9D454AB781EEA744 /* CDVBattery.m in Sources */,
				1A99CA33CFD644C0B42980F8 /* UIImage+CropScaleOrientation.m in Sources */,
				126DA478C0BE47B5AF8F3066 /* CDVCamera.m in Sources */,
				5ECC7306B2EA40F29CB0E18C /* CDVJpegHeaderWriter.m in Sources */,
				21B1E7A21B4948529C3D6E90 /* CDVNotification.m in Sources */,
				DC108D2048D9474F95984AC1 /* CDVDevice.m in Sources */,
				33B3EC82EA0D4C0B9CE595D5 /* CDVAccelerometer.m in Sources */,
				84F5AFC0496E41DE80C9B8AA /* CDVCompass.m in Sources */,
				23040A3779EE471F984A5A28 /* CDVFile.m in Sources */,
				2CE63D5CD5D54924B5E38DEB /* CDVLocalFilesystem.m in Sources */,
				9CF1078EA27D4B8B987C0BF0 /* CDVAssetLibraryFilesystem.m in Sources */,
				DD86E5EFCFA24BAF92A7060E /* CDVFileTransfer.m in Sources */,
				FD15892BCCB640E78F405F89 /* CDVLocation.m in Sources */,
				E2C3234637064002ACE427A3 /* CDVGlobalization.m in Sources */,
				DF8742F98BFB4A7E8A62985A /* CDVInAppBrowser.m in Sources */,
				08A097F929AB4ED19A536586 /* CDVSound.m in Sources */,
				EBF253550980487885218F35 /* CDVCapture.m in Sources */,
				1FCF94AAF798426089CCF723 /* CDVConnection.m in Sources */,
				DA2651511B4B4170A70C5082 /* CDVReachability.m in Sources */,
				D5734BCE2ACA4D84BD2445CF /* CDVSplashScreen.m in Sources */,
				849E5CD4B5D04D5885D1E2C4 /* CDVViewController+SplashScreen.m in Sources */,
				070CCD7F46EB453CA7782833 /* CDVVibration.m in Sources */,
				8D85C94410C54BEAB2082BED /* CDVStatusBar.m in Sources */,
				F64650E5B4D046DEBCCCE4ED /* CDVAlipay.m in Sources */,
				9F911526D05B49289B5EE716 /* Order.m in Sources */,
				D9565087027747E782A169B5 /* base64.m in Sources */,
				EE893E6B663642B8BE03CE7E /* DataSigner.m in Sources */,
				412C8C3C0E6F4B998CCAEC96 /* DataVerifier.m in Sources */,
				51C25B0726114C26BE49F372 /* MD5DataSigner.m in Sources */,
				90FE16DEF3244656BBB6FB39 /* NSDataEx.m in Sources */,
				1621CBD593574D2E80BDA74D /* openssl_wrapper.m in Sources */,
				BAB8F9A4A8D0410D8BF7DC7F /* RSADataSigner.m in Sources */,
				1279E82E84944EB29406A054 /* RSADataVerifier.m in Sources */,
				BACA941A73974573B0701331 /* CDVWechat.m in Sources */,
			);
			runOnlyForDeploymentPostprocessing = 0;
		};
/* End PBXSourcesBuildPhase section */

/* Begin PBXTargetDependency section */
		301BF551109A68C00062928A /* PBXTargetDependency */ = {
			isa = PBXTargetDependency;
			name = CordovaLib;
			targetProxy = 301BF550109A68C00062928A /* PBXContainerItemProxy */;
		};
/* End PBXTargetDependency section */

/* Begin XCBuildConfiguration section */
		1D6058940D05DD3E006BFB54 /* Debug */ = {
			isa = XCBuildConfiguration;
			baseConfigurationReference = 3047A50F1AB8059700498E2A /* build-debug.xcconfig */;
			buildSettings = {
				ALWAYS_SEARCH_USER_PATHS = NO;
				ASSETCATALOG_COMPILER_APPICON_NAME = AppIcon;
				ASSETCATALOG_COMPILER_LAUNCHIMAGE_NAME = LaunchImage;
				CLANG_ENABLE_MODULES = YES;
				CLANG_ENABLE_OBJC_ARC = YES;
				COPY_PHASE_STRIP = NO;
				DEVELOPMENT_TEAM = X9673663N7;
				FRAMEWORK_SEARCH_PATHS = (
					"$(inherited)",
					"\"cordovaDemo/Plugins/com.yoopoon.cordova.plugin.alipay\"",
				);
				GCC_DYNAMIC_NO_PIC = NO;
				GCC_OPTIMIZATION_LEVEL = 0;
				GCC_PRECOMPILE_PREFIX_HEADER = YES;
				GCC_PREFIX_HEADER = "cordovaDemo/cordovaDemo-Prefix.pch";
				GCC_THUMB_SUPPORT = NO;
				GCC_VERSION = "";
				INFOPLIST_FILE = "cordovaDemo/cordovaDemo-Info.plist";
				IPHONEOS_DEPLOYMENT_TARGET = 8.0;
				LD_RUNPATH_SEARCH_PATHS = "@executable_path/Frameworks";
				LIBRARY_SEARCH_PATHS = (
					"$(inherited)",
					"\"$(SRCROOT)/cordovaDemo/Plugins/com.yoopoon.cordova.plugin.alipay\"",
					"\"$(SRCROOT)/cordovaDemo/Plugins/com.yoopoon.cordova.plugin.alipay\"",
					"\"$(SRCROOT)/cordovaDemo/Plugins/cordova-plugin-wechat\"",
				);
				PRODUCT_NAME = cordovaDemo;
				TARGETED_DEVICE_FAMILY = "1,2";
			};
			name = Debug;
		};
		1D6058950D05DD3E006BFB54 /* Release */ = {
			isa = XCBuildConfiguration;
			baseConfigurationReference = 3047A5101AB8059700498E2A /* build-release.xcconfig */;
			buildSettings = {
				ALWAYS_SEARCH_USER_PATHS = NO;
				ASSETCATALOG_COMPILER_APPICON_NAME = AppIcon;
				ASSETCATALOG_COMPILER_LAUNCHIMAGE_NAME = LaunchImage;
				CLANG_ENABLE_MODULES = YES;
				CLANG_ENABLE_OBJC_ARC = YES;
				COPY_PHASE_STRIP = YES;
				DEVELOPMENT_TEAM = X9673663N7;
				FRAMEWORK_SEARCH_PATHS = (
					"$(inherited)",
					"\"cordovaDemo/Plugins/com.yoopoon.cordova.plugin.alipay\"",
				);
				GCC_PRECOMPILE_PREFIX_HEADER = YES;
				GCC_PREFIX_HEADER = "cordovaDemo/cordovaDemo-Prefix.pch";
				GCC_THUMB_SUPPORT = NO;
				GCC_VERSION = "";
				INFOPLIST_FILE = "cordovaDemo/cordovaDemo-Info.plist";
				IPHONEOS_DEPLOYMENT_TARGET = 8.0;
				LD_RUNPATH_SEARCH_PATHS = "@executable_path/Frameworks";
				LIBRARY_SEARCH_PATHS = (
					"$(inherited)",
					"\"$(SRCROOT)/cordovaDemo/Plugins/com.yoopoon.cordova.plugin.alipay\"",
					"\"$(SRCROOT)/cordovaDemo/Plugins/com.yoopoon.cordova.plugin.alipay\"",
					"\"$(SRCROOT)/cordovaDemo/Plugins/cordova-plugin-wechat\"",
				);
				PRODUCT_NAME = cordovaDemo;
				TARGETED_DEVICE_FAMILY = "1,2";
			};
			name = Release;
		};
		C01FCF4F08A954540054247B /* Debug */ = {
			isa = XCBuildConfiguration;
			baseConfigurationReference = 3047A5111AB8059700498E2A /* build.xcconfig */;
			buildSettings = {
				CLANG_ENABLE_MODULES = YES;
				CLANG_ENABLE_OBJC_ARC = YES;
				CLANG_WARN_BOOL_CONVERSION = YES;
				CLANG_WARN_CONSTANT_CONVERSION = YES;
				CLANG_WARN_EMPTY_BODY = YES;
				CLANG_WARN_ENUM_CONVERSION = YES;
				CLANG_WARN_INT_CONVERSION = YES;
				CLANG_WARN__DUPLICATE_METHOD_MATCH = YES;
				GCC_C_LANGUAGE_STANDARD = c99;
				GCC_THUMB_SUPPORT = NO;
				GCC_VERSION = "";
				GCC_WARN_ABOUT_RETURN_TYPE = YES;
				GCC_WARN_UNDECLARED_SELECTOR = YES;
				GCC_WARN_UNINITIALIZED_AUTOS = YES;
				GCC_WARN_UNUSED_FUNCTION = YES;
				GCC_WARN_UNUSED_VARIABLE = YES;
				ONLY_ACTIVE_ARCH = YES;
				SDKROOT = iphoneos;
				SKIP_INSTALL = NO;
				ASSETCATALOG_COMPILER_LAUNCHIMAGE_NAME = LaunchImage;
			};
			name = Debug;
		};
		C01FCF5008A954540054247B /* Release */ = {
			isa = XCBuildConfiguration;
			baseConfigurationReference = 3047A5111AB8059700498E2A /* build.xcconfig */;
			buildSettings = {
				CLANG_ENABLE_MODULES = YES;
				CLANG_ENABLE_OBJC_ARC = YES;
				CLANG_WARN_BOOL_CONVERSION = YES;
				CLANG_WARN_CONSTANT_CONVERSION = YES;
				CLANG_WARN_EMPTY_BODY = YES;
				CLANG_WARN_ENUM_CONVERSION = YES;
				CLANG_WARN_INT_CONVERSION = YES;
				CLANG_WARN__DUPLICATE_METHOD_MATCH = YES;
				GCC_C_LANGUAGE_STANDARD = c99;
				GCC_THUMB_SUPPORT = NO;
				GCC_VERSION = "";
				GCC_WARN_ABOUT_RETURN_TYPE = YES;
				GCC_WARN_UNDECLARED_SELECTOR = YES;
				GCC_WARN_UNINITIALIZED_AUTOS = YES;
				GCC_WARN_UNUSED_FUNCTION = YES;
				GCC_WARN_UNUSED_VARIABLE = YES;
				SDKROOT = iphoneos;
				SKIP_INSTALL = NO;
				ASSETCATALOG_COMPILER_LAUNCHIMAGE_NAME = LaunchImage;
			};
			name = Release;
		};
/* End XCBuildConfiguration section */

/* Begin XCConfigurationList section */
		1D6058960D05DD3E006BFB54 /* Build configuration list for PBXNativeTarget "cordovaDemo" */ = {
			isa = XCConfigurationList;
			buildConfigurations = (
				1D6058940D05DD3E006BFB54 /* Debug */,
				1D6058950D05DD3E006BFB54 /* Release */,
			);
			defaultConfigurationIsVisible = 0;
			defaultConfigurationName = Release;
		};
		C01FCF4E08A954540054247B /* Build configuration list for PBXProject "cordovaDemo" */ = {
			isa = XCConfigurationList;
			buildConfigurations = (
				C01FCF4F08A954540054247B /* Debug */,
				C01FCF5008A954540054247B /* Release */,
			);
			defaultConfigurationIsVisible = 0;
			defaultConfigurationName = Release;
		};
/* End XCConfigurationList section */
	};
	rootObject = 29B97313FDCFA39411CA2CEA /* Project object */;
}
